PODS:
  - AFNetworking/NSURLSession (3.2.1):
    - AFNetworking/Reachability
    - AFNetworking/Security
    - AFNetworking/Serialization
  - AFNetworking/Reachability (3.2.1)
  - AFNetworking/Security (3.2.1)
  - AFNetworking/Serialization (3.2.1)
  - CocoaAsyncSocket (7.6.3)
  - CocoaUPnP (2.0.2):
    - AFNetworking/NSURLSession (= 3.2.1)
    - AFNetworking/Reachability (= 3.2.1)
    - AFNetworking/Security (= 3.2.1)
    - AFNetworking/Serialization (= 3.2.1)
    - CocoaAsyncSocket (~> 7.6.3)
    - GCDWebServer (~> 3.5.2)
    - Ono (~> 2.1.1)
  - Expecta (1.0.6)
  - GCDWebServer (3.5.2):
    - GCDWebServer/Core (= 3.5.2)
  - GCDWebServer/Core (3.5.2)
  - OCMock (3.4.3)
  - OHHTTPStubs (6.1.0):
    - OHHTTPStubs/Default (= 6.1.0)
  - OHHTTPStubs/Core (6.1.0)
  - OHHTTPStubs/Default (6.1.0):
    - OHHTTPStubs/Core
    - OHHTTPStubs/JSON
    - OHHTTPStubs/NSURLSession
    - OHHTTPStubs/OHPathHelpers
  - OHHTTPStubs/JSON (6.1.0):
    - OHHTTPStubs/Core
  - OHHTTPStubs/NSURLSession (6.1.0):
    - OHHTTPStubs/Core
  - OHHTTPStubs/OHPathHelpers (6.1.0)
  - Ono (2.1.1)
  - Specta (1.0.7)

DEPENDENCIES:
  - CocoaUPnP (from `../CocoaUPnP.podspec`)
  - Expecta (~> 1.0.6)
  - OCMock (~> 3.4.3)
  - OHHTTPStubs (~> 6.1.0)
  - Specta (~> 1.0.7)

SPEC REPOS:
  https://github.com/CocoaPods/Specs.git:
    - AFNetworking
    - CocoaAsyncSocket
    - Expecta
    - GCDWebServer
    - OCMock
    - OHHTTPStubs
    - Ono
    - Specta

EXTERNAL SOURCES:
  CocoaUPnP:
    :path: "../CocoaUPnP.podspec"

SPEC CHECKSUMS:
  AFNetworking: b6f891fdfaed196b46c7a83cf209e09697b94057
  CocoaAsyncSocket: eafaa68a7e0ec99ead0a7b35015e0bf25d2c8987
  CocoaUPnP: 5739622b0d4e36cfad5b4ad32242e714271ad89d
  Expecta: 3b6bd90a64b9a1dcb0b70aa0e10a7f8f631667d5
  GCDWebServer: ead88cd14596dd4eae4f5830b8877c87c8728990
  OCMock: 43565190abc78977ad44a61c0d20d7f0784d35ab
  OHHTTPStubs: 1e21c7d2c084b8153fc53d48400d8919d2d432d0
  Ono: 13c25831a4a66b30df93bd1fa57cf70f13c62699
  Specta: 3e1bd89c3517421982dc4d1c992503e48bd5fe66

PODFILE CHECKSUM: a84edd7882244a628567d6397a85e96593bd894f

COCOAPODS: 1.8.4
