// !$*UTF8*$!
{
	archiveVersion = 1;
	classes = {
	};
	objectVersion = 46;
	objects = {

/* Begin PBXBuildFile section */
		6C3E411A1D0ADD29002119F5 /* CocoaUPnP.podspec in Resources */ = {isa = PBXBuildFile; fileRef = 6C3E41191D0ADD29002119F5 /* CocoaUPnP.podspec */; };
		6C3E411E1D0AE656002119F5 /* Expecta.framework in Frameworks */ = {isa = PBXBuildFile; fileRef = 6C3E411B1D0AE656002119F5 /* Expecta.framework */; };
		6C3E411F1D0AE656002119F5 /* OCMock.framework in Frameworks */ = {isa = PBXBuildFile; fileRef = 6C3E411C1D0AE656002119F5 /* OCMock.framework */; };
		6C3E41201D0AE656002119F5 /* OHHTTPStubs.framework in Frameworks */ = {isa = PBXBuildFile; fileRef = 6C3E411D1D0AE656002119F5 /* OHHTTPStubs.framework */; };
		6C3E41221D0AE7B3002119F5 /* Specta.framework in Frameworks */ = {isa = PBXBuildFile; fileRef = 6C3E41211D0AE7B3002119F5 /* Specta.framework */; };
		6C3E41231D0E940F002119F5 /* TestHelpers.m in Sources */ = {isa = PBXBuildFile; fileRef = 6CA7423E1D09A8DD007CCFEF /* TestHelpers.m */; };
		6C3E41251D0E96F2002119F5 /* NetworkTestHelpers.m in Sources */ = {isa = PBXBuildFile; fileRef = 6CA7423C1D09A8DD007CCFEF /* NetworkTestHelpers.m */; };
		6C3EE80F1D06EE1400506613 /* UPPEventServer.h in Headers */ = {isa = PBXBuildFile; fileRef = 6C3EE7C51D06EE1400506613 /* UPPEventServer.h */; settings = {ATTRIBUTES = (Public, ); }; };
		6C3EE8101D06EE1400506613 /* UPPEventServer.m in Sources */ = {isa = PBXBuildFile; fileRef = 6C3EE7C61D06EE1400506613 /* UPPEventServer.m */; };
		6C3EE8111D06EE1400506613 /* UPPEventSubscription.h in Headers */ = {isa = PBXBuildFile; fileRef = 6C3EE7C71D06EE1400506613 /* UPPEventSubscription.h */; settings = {ATTRIBUTES = (Public, ); }; };
		6C3EE8121D06EE1400506613 /* UPPEventSubscription.m in Sources */ = {isa = PBXBuildFile; fileRef = 6C3EE7C81D06EE1400506613 /* UPPEventSubscription.m */; };
		6C3EE8131D06EE1400506613 /* UPPEventSubscriptionManager.h in Headers */ = {isa = PBXBuildFile; fileRef = 6C3EE7C91D06EE1400506613 /* UPPEventSubscriptionManager.h */; settings = {ATTRIBUTES = (Public, ); }; };
		6C3EE8141D06EE1400506613 /* UPPEventSubscriptionManager.m in Sources */ = {isa = PBXBuildFile; fileRef = 6C3EE7CA1D06EE1400506613 /* UPPEventSubscriptionManager.m */; };
		6C3EE8151D06EE1400506613 /* NSArray+firstObjectMatchingPredicate.h in Headers */ = {isa = PBXBuildFile; fileRef = 6C3EE7CC1D06EE1400506613 /* NSArray+firstObjectMatchingPredicate.h */; settings = {ATTRIBUTES = (Public, ); }; };
		6C3EE8161D06EE1400506613 /* NSArray+firstObjectMatchingPredicate.m in Sources */ = {isa = PBXBuildFile; fileRef = 6C3EE7CD1D06EE1400506613 /* NSArray+firstObjectMatchingPredicate.m */; };
		6C3EE8171D06EE1400506613 /* NSMutableString+xmlNode.h in Headers */ = {isa = PBXBuildFile; fileRef = 6C3EE7CE1D06EE1400506613 /* NSMutableString+xmlNode.h */; settings = {ATTRIBUTES = (Public, ); }; };
		6C3EE8181D06EE1400506613 /* NSMutableString+xmlNode.m in Sources */ = {isa = PBXBuildFile; fileRef = 6C3EE7CF1D06EE1400506613 /* NSMutableString+xmlNode.m */; };
		6C3EE8191D06EE1400506613 /* UPPMetadataHelper.h in Headers */ = {isa = PBXBuildFile; fileRef = 6C3EE7D01D06EE1400506613 /* UPPMetadataHelper.h */; settings = {ATTRIBUTES = (Public, ); }; };
		6C3EE81A1D06EE1400506613 /* UPPMetadataHelper.m in Sources */ = {isa = PBXBuildFile; fileRef = 6C3EE7D11D06EE1400506613 /* UPPMetadataHelper.m */; };
		6C3EE81B1D06EE1400506613 /* UPPBasicDevice.h in Headers */ = {isa = PBXBuildFile; fileRef = 6C3EE7D31D06EE1400506613 /* UPPBasicDevice.h */; settings = {ATTRIBUTES = (Public, ); }; };
		6C3EE81C1D06EE1400506613 /* UPPBasicDevice.m in Sources */ = {isa = PBXBuildFile; fileRef = 6C3EE7D41D06EE1400506613 /* UPPBasicDevice.m */; };
		6C3EE81D1D06EE1400506613 /* UPPConstants.h in Headers */ = {isa = PBXBuildFile; fileRef = 6C3EE7D51D06EE1400506613 /* UPPConstants.h */; settings = {ATTRIBUTES = (Public, ); }; };
		6C3EE81E1D06EE1400506613 /* UPPConstants.m in Sources */ = {isa = PBXBuildFile; fileRef = 6C3EE7D61D06EE1400506613 /* UPPConstants.m */; };
		6C3EE81F1D06EE1400506613 /* UPPDeviceIcon.h in Headers */ = {isa = PBXBuildFile; fileRef = 6C3EE7D71D06EE1400506613 /* UPPDeviceIcon.h */; settings = {ATTRIBUTES = (Public, ); }; };
		6C3EE8201D06EE1400506613 /* UPPDeviceIcon.m in Sources */ = {isa = PBXBuildFile; fileRef = 6C3EE7D81D06EE1400506613 /* UPPDeviceIcon.m */; };
		6C3EE8211D06EE1400506613 /* UPPError.h in Headers */ = {isa = PBXBuildFile; fileRef = 6C3EE7D91D06EE1400506613 /* UPPError.h */; settings = {ATTRIBUTES = (Public, ); }; };
		6C3EE8221D06EE1400506613 /* UPPError.m in Sources */ = {isa = PBXBuildFile; fileRef = 6C3EE7DA1D06EE1400506613 /* UPPError.m */; };
		6C3EE8231D06EE1400506613 /* UPPMediaItem.h in Headers */ = {isa = PBXBuildFile; fileRef = 6C3EE7DB1D06EE1400506613 /* UPPMediaItem.h */; settings = {ATTRIBUTES = (Public, ); }; };
		6C3EE8241D06EE1400506613 /* UPPMediaItem.m in Sources */ = {isa = PBXBuildFile; fileRef = 6C3EE7DC1D06EE1400506613 /* UPPMediaItem.m */; };
		6C3EE8251D06EE1400506613 /* UPPMediaItemResource.h in Headers */ = {isa = PBXBuildFile; fileRef = 6C3EE7DD1D06EE1400506613 /* UPPMediaItemResource.h */; settings = {ATTRIBUTES = (Public, ); }; };
		6C3EE8261D06EE1400506613 /* UPPMediaItemResource.m in Sources */ = {isa = PBXBuildFile; fileRef = 6C3EE7DE1D06EE1400506613 /* UPPMediaItemResource.m */; };
		6C3EE8271D06EE1400506613 /* UPPMediaRendererDevice.h in Headers */ = {isa = PBXBuildFile; fileRef = 6C3EE7DF1D06EE1400506613 /* UPPMediaRendererDevice.h */; settings = {ATTRIBUTES = (Public, ); }; };
		6C3EE8281D06EE1400506613 /* UPPMediaRendererDevice.m in Sources */ = {isa = PBXBuildFile; fileRef = 6C3EE7E01D06EE1400506613 /* UPPMediaRendererDevice.m */; };
		6C3EE8291D06EE1400506613 /* UPPMediaServerDevice.h in Headers */ = {isa = PBXBuildFile; fileRef = 6C3EE7E11D06EE1400506613 /* UPPMediaServerDevice.h */; settings = {ATTRIBUTES = (Public, ); }; };
		6C3EE82A1D06EE1400506613 /* UPPMediaServerDevice.m in Sources */ = {isa = PBXBuildFile; fileRef = 6C3EE7E21D06EE1400506613 /* UPPMediaServerDevice.m */; };
		6C3EE82B1D06EE1400506613 /* UPPParameters.h in Headers */ = {isa = PBXBuildFile; fileRef = 6C3EE7E31D06EE1400506613 /* UPPParameters.h */; settings = {ATTRIBUTES = (Public, ); }; };
		6C3EE82C1D06EE1400506613 /* UPPParameters.m in Sources */ = {isa = PBXBuildFile; fileRef = 6C3EE7E41D06EE1400506613 /* UPPParameters.m */; };
		6C3EE82D1D06EE1400506613 /* UPPServiceDescription.h in Headers */ = {isa = PBXBuildFile; fileRef = 6C3EE7E51D06EE1400506613 /* UPPServiceDescription.h */; settings = {ATTRIBUTES = (Public, ); }; };
		6C3EE82E1D06EE1400506613 /* UPPServiceDescription.m in Sources */ = {isa = PBXBuildFile; fileRef = 6C3EE7E61D06EE1400506613 /* UPPServiceDescription.m */; };
		6C3EE82F1D06EE1400506613 /* SSDPService.h in Headers */ = {isa = PBXBuildFile; fileRef = 6C3EE7E91D06EE1400506613 /* SSDPService.h */; settings = {ATTRIBUTES = (Private, ); }; };
		6C3EE8301D06EE1400506613 /* SSDPService.m in Sources */ = {isa = PBXBuildFile; fileRef = 6C3EE7EA1D06EE1400506613 /* SSDPService.m */; };
		6C3EE8311D06EE1400506613 /* SSDPServiceBrowser.h in Headers */ = {isa = PBXBuildFile; fileRef = 6C3EE7EB1D06EE1400506613 /* SSDPServiceBrowser.h */; settings = {ATTRIBUTES = (Private, ); }; };
		6C3EE8321D06EE1400506613 /* SSDPServiceBrowser.m in Sources */ = {isa = PBXBuildFile; fileRef = 6C3EE7EC1D06EE1400506613 /* SSDPServiceBrowser.m */; };
		6C3EE8331D06EE1400506613 /* UPPDiscovery.h in Headers */ = {isa = PBXBuildFile; fileRef = 6C3EE7ED1D06EE1400506613 /* UPPDiscovery.h */; settings = {ATTRIBUTES = (Public, ); }; };
		6C3EE8341D06EE1400506613 /* UPPDiscovery.m in Sources */ = {isa = PBXBuildFile; fileRef = 6C3EE7EE1D06EE1400506613 /* UPPDiscovery.m */; };
		6C3EE8351D06EE1400506613 /* UPPRequestSerializer.h in Headers */ = {isa = PBXBuildFile; fileRef = 6C3EE7EF1D06EE1400506613 /* UPPRequestSerializer.h */; settings = {ATTRIBUTES = (Public, ); }; };
		6C3EE8361D06EE1400506613 /* UPPRequestSerializer.m in Sources */ = {isa = PBXBuildFile; fileRef = 6C3EE7F01D06EE1400506613 /* UPPRequestSerializer.m */; };
		6C3EE8371D06EE1400506613 /* UPPResponseSerializer.h in Headers */ = {isa = PBXBuildFile; fileRef = 6C3EE7F11D06EE1400506613 /* UPPResponseSerializer.h */; settings = {ATTRIBUTES = (Public, ); }; };
		6C3EE8381D06EE1400506613 /* UPPResponseSerializer.m in Sources */ = {isa = PBXBuildFile; fileRef = 6C3EE7F21D06EE1400506613 /* UPPResponseSerializer.m */; };
		6C3EE8391D06EE1400506613 /* UPPSessionManager.h in Headers */ = {isa = PBXBuildFile; fileRef = 6C3EE7F31D06EE1400506613 /* UPPSessionManager.h */; settings = {ATTRIBUTES = (Public, ); }; };
		6C3EE83A1D06EE1400506613 /* UPPSessionManager.m in Sources */ = {isa = PBXBuildFile; fileRef = 6C3EE7F41D06EE1400506613 /* UPPSessionManager.m */; };
		6C3EE83B1D06EE1400506613 /* UPPBaseParser.h in Headers */ = {isa = PBXBuildFile; fileRef = 6C3EE7F61D06EE1400506613 /* UPPBaseParser.h */; settings = {ATTRIBUTES = (Public, ); }; };
		6C3EE83C1D06EE1400506613 /* UPPBaseParser.m in Sources */ = {isa = PBXBuildFile; fileRef = 6C3EE7F71D06EE1400506613 /* UPPBaseParser.m */; };
		6C3EE83D1D06EE1400506613 /* UPPDeviceParser.h in Headers */ = {isa = PBXBuildFile; fileRef = 6C3EE7F81D06EE1400506613 /* UPPDeviceParser.h */; settings = {ATTRIBUTES = (Public, ); }; };
		6C3EE83E1D06EE1400506613 /* UPPDeviceParser.m in Sources */ = {isa = PBXBuildFile; fileRef = 6C3EE7F91D06EE1400506613 /* UPPDeviceParser.m */; };
		6C3EE83F1D06EE1400506613 /* UPPErrorParser.h in Headers */ = {isa = PBXBuildFile; fileRef = 6C3EE7FA1D06EE1400506613 /* UPPErrorParser.h */; settings = {ATTRIBUTES = (Public, ); }; };
		6C3EE8401D06EE1400506613 /* UPPErrorParser.m in Sources */ = {isa = PBXBuildFile; fileRef = 6C3EE7FB1D06EE1400506613 /* UPPErrorParser.m */; };
		6C3EE8411D06EE1400506613 /* UPPLastChangeParser.h in Headers */ = {isa = PBXBuildFile; fileRef = 6C3EE7FC1D06EE1400506613 /* UPPLastChangeParser.h */; settings = {ATTRIBUTES = (Private, ); }; };
		6C3EE8421D06EE1400506613 /* UPPLastChangeParser.m in Sources */ = {isa = PBXBuildFile; fileRef = 6C3EE7FD1D06EE1400506613 /* UPPLastChangeParser.m */; };
		6C3EE8431D06EE1400506613 /* UPPMediaItemParser.h in Headers */ = {isa = PBXBuildFile; fileRef = 6C3EE7FE1D06EE1400506613 /* UPPMediaItemParser.h */; settings = {ATTRIBUTES = (Public, ); }; };
		6C3EE8441D06EE1400506613 /* UPPMediaItemParser.m in Sources */ = {isa = PBXBuildFile; fileRef = 6C3EE7FF1D06EE1400506613 /* UPPMediaItemParser.m */; };
		6C3EE8451D06EE1400506613 /* UPPResponseParser.h in Headers */ = {isa = PBXBuildFile; fileRef = 6C3EE8001D06EE1400506613 /* UPPResponseParser.h */; settings = {ATTRIBUTES = (Public, ); }; };
		6C3EE8461D06EE1400506613 /* UPPResponseParser.m in Sources */ = {isa = PBXBuildFile; fileRef = 6C3EE8011D06EE1400506613 /* UPPResponseParser.m */; };
		6C3EE8471D06EE1400506613 /* UPPMediaItemProtocol.h in Headers */ = {isa = PBXBuildFile; fileRef = 6C3EE8031D06EE1400506613 /* UPPMediaItemProtocol.h */; settings = {ATTRIBUTES = (Public, ); }; };
		6C3EE8481D06EE1400506613 /* UPPAVTransportService.h in Headers */ = {isa = PBXBuildFile; fileRef = 6C3EE8051D06EE1400506613 /* UPPAVTransportService.h */; settings = {ATTRIBUTES = (Public, ); }; };
		6C3EE8491D06EE1400506613 /* UPPAVTransportService.m in Sources */ = {isa = PBXBuildFile; fileRef = 6C3EE8061D06EE1400506613 /* UPPAVTransportService.m */; };
		6C3EE84A1D06EE1400506613 /* UPPBasicService.h in Headers */ = {isa = PBXBuildFile; fileRef = 6C3EE8071D06EE1400506613 /* UPPBasicService.h */; settings = {ATTRIBUTES = (Public, ); }; };
		6C3EE84B1D06EE1400506613 /* UPPBasicService.m in Sources */ = {isa = PBXBuildFile; fileRef = 6C3EE8081D06EE1400506613 /* UPPBasicService.m */; };
		6C3EE84C1D06EE1400506613 /* UPPConnectionManagerService.h in Headers */ = {isa = PBXBuildFile; fileRef = 6C3EE8091D06EE1400506613 /* UPPConnectionManagerService.h */; settings = {ATTRIBUTES = (Public, ); }; };
		6C3EE84D1D06EE1400506613 /* UPPConnectionManagerService.m in Sources */ = {isa = PBXBuildFile; fileRef = 6C3EE80A1D06EE1400506613 /* UPPConnectionManagerService.m */; };
		6C3EE84E1D06EE1400506613 /* UPPContentDirectoryService.h in Headers */ = {isa = PBXBuildFile; fileRef = 6C3EE80B1D06EE1400506613 /* UPPContentDirectoryService.h */; settings = {ATTRIBUTES = (Public, ); }; };
		6C3EE84F1D06EE1400506613 /* UPPContentDirectoryService.m in Sources */ = {isa = PBXBuildFile; fileRef = 6C3EE80C1D06EE1400506613 /* UPPContentDirectoryService.m */; };
		6C3EE8501D06EE1400506613 /* UPPRenderingControlService.h in Headers */ = {isa = PBXBuildFile; fileRef = 6C3EE80D1D06EE1400506613 /* UPPRenderingControlService.h */; settings = {ATTRIBUTES = (Public, ); }; };
		6C3EE8511D06EE1400506613 /* UPPRenderingControlService.m in Sources */ = {isa = PBXBuildFile; fileRef = 6C3EE80E1D06EE1400506613 /* UPPRenderingControlService.m */; };
		6C3EE86C1D06F9F400506613 /* AFNetworking.framework in Frameworks */ = {isa = PBXBuildFile; fileRef = 6C3EE8681D06F9F400506613 /* AFNetworking.framework */; };
		6C3EE86D1D06F9F400506613 /* CocoaAsyncSocket.framework in Frameworks */ = {isa = PBXBuildFile; fileRef = 6C3EE8691D06F9F400506613 /* CocoaAsyncSocket.framework */; };
		6C3EE86E1D06F9F400506613 /* GCDWebServers.framework in Frameworks */ = {isa = PBXBuildFile; fileRef = 6C3EE86A1D06F9F400506613 /* GCDWebServers.framework */; };
		6C3EE86F1D06F9F400506613 /* Ono.framework in Frameworks */ = {isa = PBXBuildFile; fileRef = 6C3EE86B1D06F9F400506613 /* Ono.framework */; };
		6CA6C7761D06ED8800BA8CF1 /* CocoaUPnP.h in Headers */ = {isa = PBXBuildFile; fileRef = 6CA6C7751D06ED8800BA8CF1 /* CocoaUPnP.h */; settings = {ATTRIBUTES = (Public, ); }; };
		6CA741FB1D09A8A9007CCFEF /* CocoaUPnP.framework in Frameworks */ = {isa = PBXBuildFile; fileRef = 6CA6C7721D06ED8700BA8CF1 /* CocoaUPnP.framework */; };
		6CA7423F1D09A8DD007CCFEF /* UPPEventServerSpec.m in Sources */ = {isa = PBXBuildFile; fileRef = 6CA742021D09A8DD007CCFEF /* UPPEventServerSpec.m */; };
		6CA742401D09A8DD007CCFEF /* UPPEventSubscriptionManagerSpec.m in Sources */ = {isa = PBXBuildFile; fileRef = 6CA742031D09A8DD007CCFEF /* UPPEventSubscriptionManagerSpec.m */; };
		6CA742411D09A8DD007CCFEF /* UPPEventSubscriptionSpec.m in Sources */ = {isa = PBXBuildFile; fileRef = 6CA742041D09A8DD007CCFEF /* UPPEventSubscriptionSpec.m */; };
		6CA742421D09A8DD007CCFEF /* Containers.xml in Resources */ = {isa = PBXBuildFile; fileRef = 6CA742061D09A8DD007CCFEF /* Containers.xml */; };
		6CA742431D09A8DD007CCFEF /* Device.xml in Resources */ = {isa = PBXBuildFile; fileRef = 6CA742071D09A8DD007CCFEF /* Device.xml */; };
		6CA742441D09A8DD007CCFEF /* Empty.xml in Resources */ = {isa = PBXBuildFile; fileRef = 6CA742081D09A8DD007CCFEF /* Empty.xml */; };
		6CA742451D09A8DD007CCFEF /* Error.xml in Resources */ = {isa = PBXBuildFile; fileRef = 6CA742091D09A8DD007CCFEF /* Error.xml */; };
		6CA742461D09A8DD007CCFEF /* FullMetadata.xml in Resources */ = {isa = PBXBuildFile; fileRef = 6CA7420A1D09A8DD007CCFEF /* FullMetadata.xml */; };
		6CA742471D09A8DD007CCFEF /* GetConnectionID.xml in Resources */ = {isa = PBXBuildFile; fileRef = 6CA7420B1D09A8DD007CCFEF /* GetConnectionID.xml */; };
		6CA742481D09A8DD007CCFEF /* GetPositionInfoResponse.xml in Resources */ = {isa = PBXBuildFile; fileRef = 6CA7420C1D09A8DD007CCFEF /* GetPositionInfoResponse.xml */; };
		6CA742491D09A8DD007CCFEF /* Items.xml in Resources */ = {isa = PBXBuildFile; fileRef = 6CA7420D1D09A8DD007CCFEF /* Items.xml */; };
		6CA7424A1D09A8DD007CCFEF /* LastChangeFull.xml in Resources */ = {isa = PBXBuildFile; fileRef = 6CA7420E1D09A8DD007CCFEF /* LastChangeFull.xml */; };
		6CA7424B1D09A8DD007CCFEF /* MediaServer.xml in Resources */ = {isa = PBXBuildFile; fileRef = 6CA7420F1D09A8DD007CCFEF /* MediaServer.xml */; };
		6CA7424C1D09A8DD007CCFEF /* PlayRequest.xml in Resources */ = {isa = PBXBuildFile; fileRef = 6CA742111D09A8DD007CCFEF /* PlayRequest.xml */; };
		6CA7424D1D09A8DD007CCFEF /* EXPMatchers+beWithinAMillisecondOf.m in Sources */ = {isa = PBXBuildFile; fileRef = 6CA742141D09A8DD007CCFEF /* EXPMatchers+beWithinAMillisecondOf.m */; };
		6CA7424E1D09A8DD007CCFEF /* UPPMetadataHelperSpec.m in Sources */ = {isa = PBXBuildFile; fileRef = 6CA742151D09A8DD007CCFEF /* UPPMetadataHelperSpec.m */; };
		6CA7424F1D09A8DD007CCFEF /* UPPBasicDeviceSpec.m in Sources */ = {isa = PBXBuildFile; fileRef = 6CA742171D09A8DD007CCFEF /* UPPBasicDeviceSpec.m */; };
		6CA742501D09A8DD007CCFEF /* UPPBasicServiceSpec.m in Sources */ = {isa = PBXBuildFile; fileRef = 6CA742181D09A8DD007CCFEF /* UPPBasicServiceSpec.m */; };
		6CA742511D09A8DD007CCFEF /* UPPDeviceIconSpec.m in Sources */ = {isa = PBXBuildFile; fileRef = 6CA742191D09A8DD007CCFEF /* UPPDeviceIconSpec.m */; };
		6CA742521D09A8DD007CCFEF /* UPPErrorSpec.m in Sources */ = {isa = PBXBuildFile; fileRef = 6CA7421A1D09A8DD007CCFEF /* UPPErrorSpec.m */; };
		6CA742531D09A8DD007CCFEF /* UPPMediaItemResourceSpec.m in Sources */ = {isa = PBXBuildFile; fileRef = 6CA7421B1D09A8DD007CCFEF /* UPPMediaItemResourceSpec.m */; };
		6CA742541D09A8DD007CCFEF /* UPPMediaItemSpec.m in Sources */ = {isa = PBXBuildFile; fileRef = 6CA7421C1D09A8DD007CCFEF /* UPPMediaItemSpec.m */; };
		6CA742551D09A8DD007CCFEF /* UPPMediaRendererDeviceSpec.m in Sources */ = {isa = PBXBuildFile; fileRef = 6CA7421D1D09A8DD007CCFEF /* UPPMediaRendererDeviceSpec.m */; };
		6CA742561D09A8DD007CCFEF /* UPPMediaServerDeviceSpec.m in Sources */ = {isa = PBXBuildFile; fileRef = 6CA7421E1D09A8DD007CCFEF /* UPPMediaServerDeviceSpec.m */; };
		6CA742571D09A8DD007CCFEF /* UPPParametersSpec.m in Sources */ = {isa = PBXBuildFile; fileRef = 6CA7421F1D09A8DD007CCFEF /* UPPParametersSpec.m */; };
		6CA742581D09A8DD007CCFEF /* UPPServiceSpec.m in Sources */ = {isa = PBXBuildFile; fileRef = 6CA742201D09A8DD007CCFEF /* UPPServiceSpec.m */; };
		6CA742591D09A8DD007CCFEF /* SSDPDelegateTestHelper.m in Sources */ = {isa = PBXBuildFile; fileRef = 6CA742241D09A8DD007CCFEF /* SSDPDelegateTestHelper.m */; };
		6CA7425A1D09A8DD007CCFEF /* SSDPServiceBrowserDelegateSpec.m in Sources */ = {isa = PBXBuildFile; fileRef = 6CA742251D09A8DD007CCFEF /* SSDPServiceBrowserDelegateSpec.m */; };
		6CA7425B1D09A8DD007CCFEF /* SSDPServiceBrowserSpec.m in Sources */ = {isa = PBXBuildFile; fileRef = 6CA742261D09A8DD007CCFEF /* SSDPServiceBrowserSpec.m */; };
		6CA7425C1D09A8DD007CCFEF /* UPPDiscoverySpec.m in Sources */ = {isa = PBXBuildFile; fileRef = 6CA742271D09A8DD007CCFEF /* UPPDiscoverySpec.m */; };
		6CA7425D1D09A8DD007CCFEF /* UPPRequestSerializerSpec.m in Sources */ = {isa = PBXBuildFile; fileRef = 6CA742281D09A8DD007CCFEF /* UPPRequestSerializerSpec.m */; };
		6CA7425E1D09A8DD007CCFEF /* UPPResponseSerializerSpec.m in Sources */ = {isa = PBXBuildFile; fileRef = 6CA742291D09A8DD007CCFEF /* UPPResponseSerializerSpec.m */; };
		6CA7425F1D09A8DD007CCFEF /* UPPSessionManagerSpec.m in Sources */ = {isa = PBXBuildFile; fileRef = 6CA7422A1D09A8DD007CCFEF /* UPPSessionManagerSpec.m */; };
		6CA742601D09A8DD007CCFEF /* UPPDeviceParserSpec.m in Sources */ = {isa = PBXBuildFile; fileRef = 6CA7422C1D09A8DD007CCFEF /* UPPDeviceParserSpec.m */; };
		6CA742611D09A8DD007CCFEF /* UPPErrorParserSpec.m in Sources */ = {isa = PBXBuildFile; fileRef = 6CA7422D1D09A8DD007CCFEF /* UPPErrorParserSpec.m */; };
		6CA742621D09A8DD007CCFEF /* UPPLastChangeParserSpec.m in Sources */ = {isa = PBXBuildFile; fileRef = 6CA7422E1D09A8DD007CCFEF /* UPPLastChangeParserSpec.m */; };
		6CA742631D09A8DD007CCFEF /* UPPMediaItemParserSpec.m in Sources */ = {isa = PBXBuildFile; fileRef = 6CA7422F1D09A8DD007CCFEF /* UPPMediaItemParserSpec.m */; };
		6CA742641D09A8DD007CCFEF /* UPPResponseParserSpec.m in Sources */ = {isa = PBXBuildFile; fileRef = 6CA742301D09A8DD007CCFEF /* UPPResponseParserSpec.m */; };
		6CA742651D09A8DD007CCFEF /* UPPMediaItemProtocolSpec.m in Sources */ = {isa = PBXBuildFile; fileRef = 6CA742321D09A8DD007CCFEF /* UPPMediaItemProtocolSpec.m */; };
		6CA742661D09A8DD007CCFEF /* UPPAVTransportServiceSpec.m in Sources */ = {isa = PBXBuildFile; fileRef = 6CA742341D09A8DD007CCFEF /* UPPAVTransportServiceSpec.m */; };
		6CA742671D09A8DD007CCFEF /* UPPConnectionManagerServiceSpec.m in Sources */ = {isa = PBXBuildFile; fileRef = 6CA742351D09A8DD007CCFEF /* UPPConnectionManagerServiceSpec.m */; };
		6CA742681D09A8DD007CCFEF /* UPPContentDirectoryServiceSpec.m in Sources */ = {isa = PBXBuildFile; fileRef = 6CA742361D09A8DD007CCFEF /* UPPContentDirectoryServiceSpec.m */; };
		6CA742691D09A8DD007CCFEF /* UPPRenderingControlServiceSpec.m in Sources */ = {isa = PBXBuildFile; fileRef = 6CA742371D09A8DD007CCFEF /* UPPRenderingControlServiceSpec.m */; };
		6CA7426A1D09A8DD007CCFEF /* MockFailSessionManager.m in Sources */ = {isa = PBXBuildFile; fileRef = 6CA7423A1D09A8DD007CCFEF /* MockFailSessionManager.m */; };
		6CA7426D1D09A93B007CCFEF /* AFNetworking.framework in Frameworks */ = {isa = PBXBuildFile; fileRef = 6C3EE8681D06F9F400506613 /* AFNetworking.framework */; };
		6CA7426E1D09A93B007CCFEF /* CocoaAsyncSocket.framework in Frameworks */ = {isa = PBXBuildFile; fileRef = 6C3EE8691D06F9F400506613 /* CocoaAsyncSocket.framework */; };
		6CA7426F1D09A93B007CCFEF /* GCDWebServers.framework in Frameworks */ = {isa = PBXBuildFile; fileRef = 6C3EE86A1D06F9F400506613 /* GCDWebServers.framework */; };
		6CA742701D09A93B007CCFEF /* Ono.framework in Frameworks */ = {isa = PBXBuildFile; fileRef = 6C3EE86B1D06F9F400506613 /* Ono.framework */; };
/* End PBXBuildFile section */

/* Begin PBXContainerItemProxy section */
		6CA741FC1D09A8A9007CCFEF /* PBXContainerItemProxy */ = {
			isa = PBXContainerItemProxy;
			containerPortal = 6CA6C7691D06ED8700BA8CF1 /* Project object */;
			proxyType = 1;
			remoteGlobalIDString = 6CA6C7711D06ED8700BA8CF1;
			remoteInfo = CocoaUPnP;
		};
/* End PBXContainerItemProxy section */

/* Begin PBXFileReference section */
		6C3E41191D0ADD29002119F5 /* CocoaUPnP.podspec */ = {isa = PBXFileReference; fileEncoding = 4; lastKnownFileType = text; path = CocoaUPnP.podspec; sourceTree = "<group>"; };
		6C3E411B1D0AE656002119F5 /* Expecta.framework */ = {isa = PBXFileReference; lastKnownFileType = wrapper.framework; name = Expecta.framework; path = Carthage/Build/iOS/Expecta.framework; sourceTree = "<group>"; };
		6C3E411C1D0AE656002119F5 /* OCMock.framework */ = {isa = PBXFileReference; lastKnownFileType = wrapper.framework; name = OCMock.framework; path = Carthage/Build/iOS/OCMock.framework; sourceTree = "<group>"; };
		6C3E411D1D0AE656002119F5 /* OHHTTPStubs.framework */ = {isa = PBXFileReference; lastKnownFileType = wrapper.framework; name = OHHTTPStubs.framework; path = Carthage/Build/iOS/OHHTTPStubs.framework; sourceTree = "<group>"; };
		6C3E41211D0AE7B3002119F5 /* Specta.framework */ = {isa = PBXFileReference; lastKnownFileType = wrapper.framework; name = Specta.framework; path = Carthage/Build/iOS/Specta.framework; sourceTree = "<group>"; };
		6C3EE7C51D06EE1400506613 /* UPPEventServer.h */ = {isa = PBXFileReference; fileEncoding = 4; lastKnownFileType = sourcecode.c.h; path = UPPEventServer.h; sourceTree = "<group>"; };
		6C3EE7C61D06EE1400506613 /* UPPEventServer.m */ = {isa = PBXFileReference; fileEncoding = 4; lastKnownFileType = sourcecode.c.objc; path = UPPEventServer.m; sourceTree = "<group>"; };
		6C3EE7C71D06EE1400506613 /* UPPEventSubscription.h */ = {isa = PBXFileReference; fileEncoding = 4; lastKnownFileType = sourcecode.c.h; path = UPPEventSubscription.h; sourceTree = "<group>"; };
		6C3EE7C81D06EE1400506613 /* UPPEventSubscription.m */ = {isa = PBXFileReference; fileEncoding = 4; lastKnownFileType = sourcecode.c.objc; path = UPPEventSubscription.m; sourceTree = "<group>"; };
		6C3EE7C91D06EE1400506613 /* UPPEventSubscriptionManager.h */ = {isa = PBXFileReference; fileEncoding = 4; lastKnownFileType = sourcecode.c.h; path = UPPEventSubscriptionManager.h; sourceTree = "<group>"; };
		6C3EE7CA1D06EE1400506613 /* UPPEventSubscriptionManager.m */ = {isa = PBXFileReference; fileEncoding = 4; lastKnownFileType = sourcecode.c.objc; lineEnding = 0; path = UPPEventSubscriptionManager.m; sourceTree = "<group>"; xcLanguageSpecificationIdentifier = xcode.lang.objc; };
		6C3EE7CC1D06EE1400506613 /* NSArray+firstObjectMatchingPredicate.h */ = {isa = PBXFileReference; fileEncoding = 4; lastKnownFileType = sourcecode.c.h; path = "NSArray+firstObjectMatchingPredicate.h"; sourceTree = "<group>"; };
		6C3EE7CD1D06EE1400506613 /* NSArray+firstObjectMatchingPredicate.m */ = {isa = PBXFileReference; fileEncoding = 4; lastKnownFileType = sourcecode.c.objc; path = "NSArray+firstObjectMatchingPredicate.m"; sourceTree = "<group>"; };
		6C3EE7CE1D06EE1400506613 /* NSMutableString+xmlNode.h */ = {isa = PBXFileReference; fileEncoding = 4; lastKnownFileType = sourcecode.c.h; path = "NSMutableString+xmlNode.h"; sourceTree = "<group>"; };
		6C3EE7CF1D06EE1400506613 /* NSMutableString+xmlNode.m */ = {isa = PBXFileReference; fileEncoding = 4; lastKnownFileType = sourcecode.c.objc; path = "NSMutableString+xmlNode.m"; sourceTree = "<group>"; };
		6C3EE7D01D06EE1400506613 /* UPPMetadataHelper.h */ = {isa = PBXFileReference; fileEncoding = 4; lastKnownFileType = sourcecode.c.h; path = UPPMetadataHelper.h; sourceTree = "<group>"; };
		6C3EE7D11D06EE1400506613 /* UPPMetadataHelper.m */ = {isa = PBXFileReference; fileEncoding = 4; lastKnownFileType = sourcecode.c.objc; path = UPPMetadataHelper.m; sourceTree = "<group>"; };
		6C3EE7D31D06EE1400506613 /* UPPBasicDevice.h */ = {isa = PBXFileReference; fileEncoding = 4; lastKnownFileType = sourcecode.c.h; path = UPPBasicDevice.h; sourceTree = "<group>"; };
		6C3EE7D41D06EE1400506613 /* UPPBasicDevice.m */ = {isa = PBXFileReference; fileEncoding = 4; lastKnownFileType = sourcecode.c.objc; path = UPPBasicDevice.m; sourceTree = "<group>"; };
		6C3EE7D51D06EE1400506613 /* UPPConstants.h */ = {isa = PBXFileReference; fileEncoding = 4; lastKnownFileType = sourcecode.c.h; path = UPPConstants.h; sourceTree = "<group>"; };
		6C3EE7D61D06EE1400506613 /* UPPConstants.m */ = {isa = PBXFileReference; fileEncoding = 4; lastKnownFileType = sourcecode.c.objc; path = UPPConstants.m; sourceTree = "<group>"; };
		6C3EE7D71D06EE1400506613 /* UPPDeviceIcon.h */ = {isa = PBXFileReference; fileEncoding = 4; lastKnownFileType = sourcecode.c.h; path = UPPDeviceIcon.h; sourceTree = "<group>"; };
		6C3EE7D81D06EE1400506613 /* UPPDeviceIcon.m */ = {isa = PBXFileReference; fileEncoding = 4; lastKnownFileType = sourcecode.c.objc; path = UPPDeviceIcon.m; sourceTree = "<group>"; };
		6C3EE7D91D06EE1400506613 /* UPPError.h */ = {isa = PBXFileReference; fileEncoding = 4; lastKnownFileType = sourcecode.c.h; path = UPPError.h; sourceTree = "<group>"; };
		6C3EE7DA1D06EE1400506613 /* UPPError.m */ = {isa = PBXFileReference; fileEncoding = 4; lastKnownFileType = sourcecode.c.objc; path = UPPError.m; sourceTree = "<group>"; };
		6C3EE7DB1D06EE1400506613 /* UPPMediaItem.h */ = {isa = PBXFileReference; fileEncoding = 4; lastKnownFileType = sourcecode.c.h; path = UPPMediaItem.h; sourceTree = "<group>"; };
		6C3EE7DC1D06EE1400506613 /* UPPMediaItem.m */ = {isa = PBXFileReference; fileEncoding = 4; lastKnownFileType = sourcecode.c.objc; path = UPPMediaItem.m; sourceTree = "<group>"; };
		6C3EE7DD1D06EE1400506613 /* UPPMediaItemResource.h */ = {isa = PBXFileReference; fileEncoding = 4; lastKnownFileType = sourcecode.c.h; path = UPPMediaItemResource.h; sourceTree = "<group>"; };
		6C3EE7DE1D06EE1400506613 /* UPPMediaItemResource.m */ = {isa = PBXFileReference; fileEncoding = 4; lastKnownFileType = sourcecode.c.objc; path = UPPMediaItemResource.m; sourceTree = "<group>"; };
		6C3EE7DF1D06EE1400506613 /* UPPMediaRendererDevice.h */ = {isa = PBXFileReference; fileEncoding = 4; lastKnownFileType = sourcecode.c.h; path = UPPMediaRendererDevice.h; sourceTree = "<group>"; };
		6C3EE7E01D06EE1400506613 /* UPPMediaRendererDevice.m */ = {isa = PBXFileReference; fileEncoding = 4; lastKnownFileType = sourcecode.c.objc; path = UPPMediaRendererDevice.m; sourceTree = "<group>"; };
		6C3EE7E11D06EE1400506613 /* UPPMediaServerDevice.h */ = {isa = PBXFileReference; fileEncoding = 4; lastKnownFileType = sourcecode.c.h; path = UPPMediaServerDevice.h; sourceTree = "<group>"; };
		6C3EE7E21D06EE1400506613 /* UPPMediaServerDevice.m */ = {isa = PBXFileReference; fileEncoding = 4; lastKnownFileType = sourcecode.c.objc; path = UPPMediaServerDevice.m; sourceTree = "<group>"; };
		6C3EE7E31D06EE1400506613 /* UPPParameters.h */ = {isa = PBXFileReference; fileEncoding = 4; lastKnownFileType = sourcecode.c.h; path = UPPParameters.h; sourceTree = "<group>"; };
		6C3EE7E41D06EE1400506613 /* UPPParameters.m */ = {isa = PBXFileReference; fileEncoding = 4; lastKnownFileType = sourcecode.c.objc; path = UPPParameters.m; sourceTree = "<group>"; };
		6C3EE7E51D06EE1400506613 /* UPPServiceDescription.h */ = {isa = PBXFileReference; fileEncoding = 4; lastKnownFileType = sourcecode.c.h; path = UPPServiceDescription.h; sourceTree = "<group>"; };
		6C3EE7E61D06EE1400506613 /* UPPServiceDescription.m */ = {isa = PBXFileReference; fileEncoding = 4; lastKnownFileType = sourcecode.c.objc; path = UPPServiceDescription.m; sourceTree = "<group>"; };
		6C3EE7E91D06EE1400506613 /* SSDPService.h */ = {isa = PBXFileReference; fileEncoding = 4; lastKnownFileType = sourcecode.c.h; path = SSDPService.h; sourceTree = "<group>"; };
		6C3EE7EA1D06EE1400506613 /* SSDPService.m */ = {isa = PBXFileReference; fileEncoding = 4; lastKnownFileType = sourcecode.c.objc; path = SSDPService.m; sourceTree = "<group>"; };
		6C3EE7EB1D06EE1400506613 /* SSDPServiceBrowser.h */ = {isa = PBXFileReference; fileEncoding = 4; lastKnownFileType = sourcecode.c.h; path = SSDPServiceBrowser.h; sourceTree = "<group>"; };
		6C3EE7EC1D06EE1400506613 /* SSDPServiceBrowser.m */ = {isa = PBXFileReference; fileEncoding = 4; lastKnownFileType = sourcecode.c.objc; lineEnding = 0; path = SSDPServiceBrowser.m; sourceTree = "<group>"; xcLanguageSpecificationIdentifier = xcode.lang.objc; };
		6C3EE7ED1D06EE1400506613 /* UPPDiscovery.h */ = {isa = PBXFileReference; fileEncoding = 4; lastKnownFileType = sourcecode.c.h; path = UPPDiscovery.h; sourceTree = "<group>"; };
		6C3EE7EE1D06EE1400506613 /* UPPDiscovery.m */ = {isa = PBXFileReference; fileEncoding = 4; lastKnownFileType = sourcecode.c.objc; path = UPPDiscovery.m; sourceTree = "<group>"; };
		6C3EE7EF1D06EE1400506613 /* UPPRequestSerializer.h */ = {isa = PBXFileReference; fileEncoding = 4; lastKnownFileType = sourcecode.c.h; path = UPPRequestSerializer.h; sourceTree = "<group>"; };
		6C3EE7F01D06EE1400506613 /* UPPRequestSerializer.m */ = {isa = PBXFileReference; fileEncoding = 4; lastKnownFileType = sourcecode.c.objc; path = UPPRequestSerializer.m; sourceTree = "<group>"; };
		6C3EE7F11D06EE1400506613 /* UPPResponseSerializer.h */ = {isa = PBXFileReference; fileEncoding = 4; lastKnownFileType = sourcecode.c.h; path = UPPResponseSerializer.h; sourceTree = "<group>"; };
		6C3EE7F21D06EE1400506613 /* UPPResponseSerializer.m */ = {isa = PBXFileReference; fileEncoding = 4; lastKnownFileType = sourcecode.c.objc; path = UPPResponseSerializer.m; sourceTree = "<group>"; };
		6C3EE7F31D06EE1400506613 /* UPPSessionManager.h */ = {isa = PBXFileReference; fileEncoding = 4; lastKnownFileType = sourcecode.c.h; path = UPPSessionManager.h; sourceTree = "<group>"; };
		6C3EE7F41D06EE1400506613 /* UPPSessionManager.m */ = {isa = PBXFileReference; fileEncoding = 4; lastKnownFileType = sourcecode.c.objc; path = UPPSessionManager.m; sourceTree = "<group>"; };
		6C3EE7F61D06EE1400506613 /* UPPBaseParser.h */ = {isa = PBXFileReference; fileEncoding = 4; lastKnownFileType = sourcecode.c.h; path = UPPBaseParser.h; sourceTree = "<group>"; };
		6C3EE7F71D06EE1400506613 /* UPPBaseParser.m */ = {isa = PBXFileReference; fileEncoding = 4; lastKnownFileType = sourcecode.c.objc; path = UPPBaseParser.m; sourceTree = "<group>"; };
		6C3EE7F81D06EE1400506613 /* UPPDeviceParser.h */ = {isa = PBXFileReference; fileEncoding = 4; lastKnownFileType = sourcecode.c.h; path = UPPDeviceParser.h; sourceTree = "<group>"; };
		6C3EE7F91D06EE1400506613 /* UPPDeviceParser.m */ = {isa = PBXFileReference; fileEncoding = 4; lastKnownFileType = sourcecode.c.objc; path = UPPDeviceParser.m; sourceTree = "<group>"; };
		6C3EE7FA1D06EE1400506613 /* UPPErrorParser.h */ = {isa = PBXFileReference; fileEncoding = 4; lastKnownFileType = sourcecode.c.h; path = UPPErrorParser.h; sourceTree = "<group>"; };
		6C3EE7FB1D06EE1400506613 /* UPPErrorParser.m */ = {isa = PBXFileReference; fileEncoding = 4; lastKnownFileType = sourcecode.c.objc; path = UPPErrorParser.m; sourceTree = "<group>"; };
		6C3EE7FC1D06EE1400506613 /* UPPLastChangeParser.h */ = {isa = PBXFileReference; fileEncoding = 4; lastKnownFileType = sourcecode.c.h; path = UPPLastChangeParser.h; sourceTree = "<group>"; };
		6C3EE7FD1D06EE1400506613 /* UPPLastChangeParser.m */ = {isa = PBXFileReference; fileEncoding = 4; lastKnownFileType = sourcecode.c.objc; path = UPPLastChangeParser.m; sourceTree = "<group>"; };
		6C3EE7FE1D06EE1400506613 /* UPPMediaItemParser.h */ = {isa = PBXFileReference; fileEncoding = 4; lastKnownFileType = sourcecode.c.h; path = UPPMediaItemParser.h; sourceTree = "<group>"; };
		6C3EE7FF1D06EE1400506613 /* UPPMediaItemParser.m */ = {isa = PBXFileReference; fileEncoding = 4; lastKnownFileType = sourcecode.c.objc; path = UPPMediaItemParser.m; sourceTree = "<group>"; };
		6C3EE8001D06EE1400506613 /* UPPResponseParser.h */ = {isa = PBXFileReference; fileEncoding = 4; lastKnownFileType = sourcecode.c.h; path = UPPResponseParser.h; sourceTree = "<group>"; };
		6C3EE8011D06EE1400506613 /* UPPResponseParser.m */ = {isa = PBXFileReference; fileEncoding = 4; lastKnownFileType = sourcecode.c.objc; path = UPPResponseParser.m; sourceTree = "<group>"; };
		6C3EE8031D06EE1400506613 /* UPPMediaItemProtocol.h */ = {isa = PBXFileReference; fileEncoding = 4; lastKnownFileType = sourcecode.c.h; path = UPPMediaItemProtocol.h; sourceTree = "<group>"; };
		6C3EE8051D06EE1400506613 /* UPPAVTransportService.h */ = {isa = PBXFileReference; fileEncoding = 4; lastKnownFileType = sourcecode.c.h; path = UPPAVTransportService.h; sourceTree = "<group>"; };
		6C3EE8061D06EE1400506613 /* UPPAVTransportService.m */ = {isa = PBXFileReference; fileEncoding = 4; lastKnownFileType = sourcecode.c.objc; path = UPPAVTransportService.m; sourceTree = "<group>"; };
		6C3EE8071D06EE1400506613 /* UPPBasicService.h */ = {isa = PBXFileReference; fileEncoding = 4; lastKnownFileType = sourcecode.c.h; path = UPPBasicService.h; sourceTree = "<group>"; };
		6C3EE8081D06EE1400506613 /* UPPBasicService.m */ = {isa = PBXFileReference; fileEncoding = 4; lastKnownFileType = sourcecode.c.objc; path = UPPBasicService.m; sourceTree = "<group>"; };
		6C3EE8091D06EE1400506613 /* UPPConnectionManagerService.h */ = {isa = PBXFileReference; fileEncoding = 4; lastKnownFileType = sourcecode.c.h; path = UPPConnectionManagerService.h; sourceTree = "<group>"; };
		6C3EE80A1D06EE1400506613 /* UPPConnectionManagerService.m */ = {isa = PBXFileReference; fileEncoding = 4; lastKnownFileType = sourcecode.c.objc; path = UPPConnectionManagerService.m; sourceTree = "<group>"; };
		6C3EE80B1D06EE1400506613 /* UPPContentDirectoryService.h */ = {isa = PBXFileReference; fileEncoding = 4; lastKnownFileType = sourcecode.c.h; path = UPPContentDirectoryService.h; sourceTree = "<group>"; };
		6C3EE80C1D06EE1400506613 /* UPPContentDirectoryService.m */ = {isa = PBXFileReference; fileEncoding = 4; lastKnownFileType = sourcecode.c.objc; path = UPPContentDirectoryService.m; sourceTree = "<group>"; };
		6C3EE80D1D06EE1400506613 /* UPPRenderingControlService.h */ = {isa = PBXFileReference; fileEncoding = 4; lastKnownFileType = sourcecode.c.h; path = UPPRenderingControlService.h; sourceTree = "<group>"; };
		6C3EE80E1D06EE1400506613 /* UPPRenderingControlService.m */ = {isa = PBXFileReference; fileEncoding = 4; lastKnownFileType = sourcecode.c.objc; path = UPPRenderingControlService.m; sourceTree = "<group>"; };
		6C3EE8521D06EE8100506613 /* Cartfile */ = {isa = PBXFileReference; fileEncoding = 4; lastKnownFileType = text; path = Cartfile; sourceTree = "<group>"; };
		6C3EE8681D06F9F400506613 /* AFNetworking.framework */ = {isa = PBXFileReference; lastKnownFileType = wrapper.framework; name = AFNetworking.framework; path = Carthage/Build/iOS/AFNetworking.framework; sourceTree = "<group>"; };
		6C3EE8691D06F9F400506613 /* CocoaAsyncSocket.framework */ = {isa = PBXFileReference; lastKnownFileType = wrapper.framework; name = CocoaAsyncSocket.framework; path = Carthage/Build/iOS/CocoaAsyncSocket.framework; sourceTree = "<group>"; };
		6C3EE86A1D06F9F400506613 /* GCDWebServers.framework */ = {isa = PBXFileReference; lastKnownFileType = wrapper.framework; name = GCDWebServers.framework; path = Carthage/Build/iOS/GCDWebServers.framework; sourceTree = "<group>"; };
		6C3EE86B1D06F9F400506613 /* Ono.framework */ = {isa = PBXFileReference; lastKnownFileType = wrapper.framework; name = Ono.framework; path = Carthage/Build/iOS/Ono.framework; sourceTree = "<group>"; };
		6CA6C7721D06ED8700BA8CF1 /* CocoaUPnP.framework */ = {isa = PBXFileReference; explicitFileType = wrapper.framework; includeInIndex = 0; path = CocoaUPnP.framework; sourceTree = BUILT_PRODUCTS_DIR; };
		6CA6C7751D06ED8800BA8CF1 /* CocoaUPnP.h */ = {isa = PBXFileReference; lastKnownFileType = sourcecode.c.h; path = CocoaUPnP.h; sourceTree = "<group>"; };
		6CA6C7771D06ED8800BA8CF1 /* Info.plist */ = {isa = PBXFileReference; lastKnownFileType = text.plist.xml; path = Info.plist; sourceTree = "<group>"; };
		6CA741F01D09A76B007CCFEF /* module.modulemap */ = {isa = PBXFileReference; fileEncoding = 4; lastKnownFileType = "sourcecode.module-map"; path = module.modulemap; sourceTree = "<group>"; };
		6CA741F11D09A76B007CCFEF /* module.private.modulemap */ = {isa = PBXFileReference; fileEncoding = 4; lastKnownFileType = "sourcecode.module-map"; path = module.private.modulemap; sourceTree = "<group>"; };
		6CA741F61D09A8A9007CCFEF /* CocoaUPnPTests.xctest */ = {isa = PBXFileReference; explicitFileType = wrapper.cfbundle; includeInIndex = 0; path = CocoaUPnPTests.xctest; sourceTree = BUILT_PRODUCTS_DIR; };
		6CA741FA1D09A8A9007CCFEF /* Info.plist */ = {isa = PBXFileReference; lastKnownFileType = text.plist.xml; path = Info.plist; sourceTree = "<group>"; };
		6CA742021D09A8DD007CCFEF /* UPPEventServerSpec.m */ = {isa = PBXFileReference; fileEncoding = 4; lastKnownFileType = sourcecode.c.objc; path = UPPEventServerSpec.m; sourceTree = "<group>"; };
		6CA742031D09A8DD007CCFEF /* UPPEventSubscriptionManagerSpec.m */ = {isa = PBXFileReference; fileEncoding = 4; lastKnownFileType = sourcecode.c.objc; path = UPPEventSubscriptionManagerSpec.m; sourceTree = "<group>"; };
		6CA742041D09A8DD007CCFEF /* UPPEventSubscriptionSpec.m */ = {isa = PBXFileReference; fileEncoding = 4; lastKnownFileType = sourcecode.c.objc; path = UPPEventSubscriptionSpec.m; sourceTree = "<group>"; };
		6CA742061D09A8DD007CCFEF /* Containers.xml */ = {isa = PBXFileReference; fileEncoding = 4; lastKnownFileType = text.xml; path = Containers.xml; sourceTree = "<group>"; };
		6CA742071D09A8DD007CCFEF /* Device.xml */ = {isa = PBXFileReference; fileEncoding = 4; lastKnownFileType = text.xml; path = Device.xml; sourceTree = "<group>"; };
		6CA742081D09A8DD007CCFEF /* Empty.xml */ = {isa = PBXFileReference; fileEncoding = 4; lastKnownFileType = text.xml; path = Empty.xml; sourceTree = "<group>"; };
		6CA742091D09A8DD007CCFEF /* Error.xml */ = {isa = PBXFileReference; fileEncoding = 4; lastKnownFileType = text.xml; path = Error.xml; sourceTree = "<group>"; };
		6CA7420A1D09A8DD007CCFEF /* FullMetadata.xml */ = {isa = PBXFileReference; fileEncoding = 4; lastKnownFileType = text.xml; path = FullMetadata.xml; sourceTree = "<group>"; };
		6CA7420B1D09A8DD007CCFEF /* GetConnectionID.xml */ = {isa = PBXFileReference; fileEncoding = 4; lastKnownFileType = text.xml; path = GetConnectionID.xml; sourceTree = "<group>"; };
		6CA7420C1D09A8DD007CCFEF /* GetPositionInfoResponse.xml */ = {isa = PBXFileReference; fileEncoding = 4; lastKnownFileType = text.xml; path = GetPositionInfoResponse.xml; sourceTree = "<group>"; };
		6CA7420D1D09A8DD007CCFEF /* Items.xml */ = {isa = PBXFileReference; fileEncoding = 4; lastKnownFileType = text.xml; path = Items.xml; sourceTree = "<group>"; };
		6CA7420E1D09A8DD007CCFEF /* LastChangeFull.xml */ = {isa = PBXFileReference; fileEncoding = 4; lastKnownFileType = text.xml; path = LastChangeFull.xml; sourceTree = "<group>"; };
		6CA7420F1D09A8DD007CCFEF /* MediaServer.xml */ = {isa = PBXFileReference; fileEncoding = 4; lastKnownFileType = text.xml; path = MediaServer.xml; sourceTree = "<group>"; };
		6CA742111D09A8DD007CCFEF /* PlayRequest.xml */ = {isa = PBXFileReference; fileEncoding = 4; lastKnownFileType = text.xml; path = PlayRequest.xml; sourceTree = "<group>"; };
		6CA742131D09A8DD007CCFEF /* EXPMatchers+beWithinAMillisecondOf.h */ = {isa = PBXFileReference; fileEncoding = 4; lastKnownFileType = sourcecode.c.h; path = "EXPMatchers+beWithinAMillisecondOf.h"; sourceTree = "<group>"; };
		6CA742141D09A8DD007CCFEF /* EXPMatchers+beWithinAMillisecondOf.m */ = {isa = PBXFileReference; fileEncoding = 4; lastKnownFileType = sourcecode.c.objc; path = "EXPMatchers+beWithinAMillisecondOf.m"; sourceTree = "<group>"; };
		6CA742151D09A8DD007CCFEF /* UPPMetadataHelperSpec.m */ = {isa = PBXFileReference; fileEncoding = 4; lastKnownFileType = sourcecode.c.objc; path = UPPMetadataHelperSpec.m; sourceTree = "<group>"; };
		6CA742171D09A8DD007CCFEF /* UPPBasicDeviceSpec.m */ = {isa = PBXFileReference; fileEncoding = 4; lastKnownFileType = sourcecode.c.objc; path = UPPBasicDeviceSpec.m; sourceTree = "<group>"; };
		6CA742181D09A8DD007CCFEF /* UPPBasicServiceSpec.m */ = {isa = PBXFileReference; fileEncoding = 4; lastKnownFileType = sourcecode.c.objc; path = UPPBasicServiceSpec.m; sourceTree = "<group>"; };
		6CA742191D09A8DD007CCFEF /* UPPDeviceIconSpec.m */ = {isa = PBXFileReference; fileEncoding = 4; lastKnownFileType = sourcecode.c.objc; path = UPPDeviceIconSpec.m; sourceTree = "<group>"; };
		6CA7421A1D09A8DD007CCFEF /* UPPErrorSpec.m */ = {isa = PBXFileReference; fileEncoding = 4; lastKnownFileType = sourcecode.c.objc; path = UPPErrorSpec.m; sourceTree = "<group>"; };
		6CA7421B1D09A8DD007CCFEF /* UPPMediaItemResourceSpec.m */ = {isa = PBXFileReference; fileEncoding = 4; lastKnownFileType = sourcecode.c.objc; path = UPPMediaItemResourceSpec.m; sourceTree = "<group>"; };
		6CA7421C1D09A8DD007CCFEF /* UPPMediaItemSpec.m */ = {isa = PBXFileReference; fileEncoding = 4; lastKnownFileType = sourcecode.c.objc; path = UPPMediaItemSpec.m; sourceTree = "<group>"; };
		6CA7421D1D09A8DD007CCFEF /* UPPMediaRendererDeviceSpec.m */ = {isa = PBXFileReference; fileEncoding = 4; lastKnownFileType = sourcecode.c.objc; path = UPPMediaRendererDeviceSpec.m; sourceTree = "<group>"; };
		6CA7421E1D09A8DD007CCFEF /* UPPMediaServerDeviceSpec.m */ = {isa = PBXFileReference; fileEncoding = 4; lastKnownFileType = sourcecode.c.objc; path = UPPMediaServerDeviceSpec.m; sourceTree = "<group>"; };
		6CA7421F1D09A8DD007CCFEF /* UPPParametersSpec.m */ = {isa = PBXFileReference; fileEncoding = 4; lastKnownFileType = sourcecode.c.objc; path = UPPParametersSpec.m; sourceTree = "<group>"; };
		6CA742201D09A8DD007CCFEF /* UPPServiceSpec.m */ = {isa = PBXFileReference; fileEncoding = 4; lastKnownFileType = sourcecode.c.objc; path = UPPServiceSpec.m; sourceTree = "<group>"; };
		6CA742231D09A8DD007CCFEF /* SSDPDelegateTestHelper.h */ = {isa = PBXFileReference; fileEncoding = 4; lastKnownFileType = sourcecode.c.h; path = SSDPDelegateTestHelper.h; sourceTree = "<group>"; };
		6CA742241D09A8DD007CCFEF /* SSDPDelegateTestHelper.m */ = {isa = PBXFileReference; fileEncoding = 4; lastKnownFileType = sourcecode.c.objc; path = SSDPDelegateTestHelper.m; sourceTree = "<group>"; };
		6CA742251D09A8DD007CCFEF /* SSDPServiceBrowserDelegateSpec.m */ = {isa = PBXFileReference; fileEncoding = 4; lastKnownFileType = sourcecode.c.objc; path = SSDPServiceBrowserDelegateSpec.m; sourceTree = "<group>"; };
		6CA742261D09A8DD007CCFEF /* SSDPServiceBrowserSpec.m */ = {isa = PBXFileReference; fileEncoding = 4; lastKnownFileType = sourcecode.c.objc; path = SSDPServiceBrowserSpec.m; sourceTree = "<group>"; };
		6CA742271D09A8DD007CCFEF /* UPPDiscoverySpec.m */ = {isa = PBXFileReference; fileEncoding = 4; lastKnownFileType = sourcecode.c.objc; path = UPPDiscoverySpec.m; sourceTree = "<group>"; };
		6CA742281D09A8DD007CCFEF /* UPPRequestSerializerSpec.m */ = {isa = PBXFileReference; fileEncoding = 4; lastKnownFileType = sourcecode.c.objc; path = UPPRequestSerializerSpec.m; sourceTree = "<group>"; };
		6CA742291D09A8DD007CCFEF /* UPPResponseSerializerSpec.m */ = {isa = PBXFileReference; fileEncoding = 4; lastKnownFileType = sourcecode.c.objc; path = UPPResponseSerializerSpec.m; sourceTree = "<group>"; };
		6CA7422A1D09A8DD007CCFEF /* UPPSessionManagerSpec.m */ = {isa = PBXFileReference; fileEncoding = 4; lastKnownFileType = sourcecode.c.objc; path = UPPSessionManagerSpec.m; sourceTree = "<group>"; };
		6CA7422C1D09A8DD007CCFEF /* UPPDeviceParserSpec.m */ = {isa = PBXFileReference; fileEncoding = 4; lastKnownFileType = sourcecode.c.objc; path = UPPDeviceParserSpec.m; sourceTree = "<group>"; };
		6CA7422D1D09A8DD007CCFEF /* UPPErrorParserSpec.m */ = {isa = PBXFileReference; fileEncoding = 4; lastKnownFileType = sourcecode.c.objc; path = UPPErrorParserSpec.m; sourceTree = "<group>"; };
		6CA7422E1D09A8DD007CCFEF /* UPPLastChangeParserSpec.m */ = {isa = PBXFileReference; fileEncoding = 4; lastKnownFileType = sourcecode.c.objc; path = UPPLastChangeParserSpec.m; sourceTree = "<group>"; };
		6CA7422F1D09A8DD007CCFEF /* UPPMediaItemParserSpec.m */ = {isa = PBXFileReference; fileEncoding = 4; lastKnownFileType = sourcecode.c.objc; path = UPPMediaItemParserSpec.m; sourceTree = "<group>"; };
		6CA742301D09A8DD007CCFEF /* UPPResponseParserSpec.m */ = {isa = PBXFileReference; fileEncoding = 4; lastKnownFileType = sourcecode.c.objc; path = UPPResponseParserSpec.m; sourceTree = "<group>"; };
		6CA742321D09A8DD007CCFEF /* UPPMediaItemProtocolSpec.m */ = {isa = PBXFileReference; fileEncoding = 4; lastKnownFileType = sourcecode.c.objc; path = UPPMediaItemProtocolSpec.m; sourceTree = "<group>"; };
		6CA742341D09A8DD007CCFEF /* UPPAVTransportServiceSpec.m */ = {isa = PBXFileReference; fileEncoding = 4; lastKnownFileType = sourcecode.c.objc; path = UPPAVTransportServiceSpec.m; sourceTree = "<group>"; };
		6CA742351D09A8DD007CCFEF /* UPPConnectionManagerServiceSpec.m */ = {isa = PBXFileReference; fileEncoding = 4; lastKnownFileType = sourcecode.c.objc; path = UPPConnectionManagerServiceSpec.m; sourceTree = "<group>"; };
		6CA742361D09A8DD007CCFEF /* UPPContentDirectoryServiceSpec.m */ = {isa = PBXFileReference; fileEncoding = 4; lastKnownFileType = sourcecode.c.objc; path = UPPContentDirectoryServiceSpec.m; sourceTree = "<group>"; };
		6CA742371D09A8DD007CCFEF /* UPPRenderingControlServiceSpec.m */ = {isa = PBXFileReference; fileEncoding = 4; lastKnownFileType = sourcecode.c.objc; path = UPPRenderingControlServiceSpec.m; sourceTree = "<group>"; };
		6CA742391D09A8DD007CCFEF /* MockFailSessionManager.h */ = {isa = PBXFileReference; fileEncoding = 4; lastKnownFileType = sourcecode.c.h; path = MockFailSessionManager.h; sourceTree = "<group>"; };
		6CA7423A1D09A8DD007CCFEF /* MockFailSessionManager.m */ = {isa = PBXFileReference; fileEncoding = 4; lastKnownFileType = sourcecode.c.objc; path = MockFailSessionManager.m; sourceTree = "<group>"; };
		6CA7423B1D09A8DD007CCFEF /* NetworkTestHelpers.h */ = {isa = PBXFileReference; fileEncoding = 4; lastKnownFileType = sourcecode.c.h; path = NetworkTestHelpers.h; sourceTree = "<group>"; };
		6CA7423C1D09A8DD007CCFEF /* NetworkTestHelpers.m */ = {isa = PBXFileReference; fileEncoding = 4; lastKnownFileType = sourcecode.c.objc; path = NetworkTestHelpers.m; sourceTree = "<group>"; };
		6CA7423D1D09A8DD007CCFEF /* TestHelpers.h */ = {isa = PBXFileReference; fileEncoding = 4; lastKnownFileType = sourcecode.c.h; path = TestHelpers.h; sourceTree = "<group>"; };
		6CA7423E1D09A8DD007CCFEF /* TestHelpers.m */ = {isa = PBXFileReference; fileEncoding = 4; lastKnownFileType = sourcecode.c.objc; path = TestHelpers.m; sourceTree = "<group>"; };
/* End PBXFileReference section */

/* Begin PBXFrameworksBuildPhase section */
		6CA6C76E1D06ED8700BA8CF1 /* Frameworks */ = {
			isa = PBXFrameworksBuildPhase;
			buildActionMask = 2147483647;
			files = (
				6C3EE86C1D06F9F400506613 /* AFNetworking.framework in Frameworks */,
				6C3EE86D1D06F9F400506613 /* CocoaAsyncSocket.framework in Frameworks */,
				6C3EE86E1D06F9F400506613 /* GCDWebServers.framework in Frameworks */,
				6C3EE86F1D06F9F400506613 /* Ono.framework in Frameworks */,
			);
			runOnlyForDeploymentPostprocessing = 0;
		};
		6CA741F31D09A8A9007CCFEF /* Frameworks */ = {
			isa = PBXFrameworksBuildPhase;
			buildActionMask = 2147483647;
			files = (
				6C3E41221D0AE7B3002119F5 /* Specta.framework in Frameworks */,
				6C3E411E1D0AE656002119F5 /* Expecta.framework in Frameworks */,
				6C3E411F1D0AE656002119F5 /* OCMock.framework in Frameworks */,
				6C3E41201D0AE656002119F5 /* OHHTTPStubs.framework in Frameworks */,
				6CA742701D09A93B007CCFEF /* Ono.framework in Frameworks */,
				6CA7426E1D09A93B007CCFEF /* CocoaAsyncSocket.framework in Frameworks */,
				6CA7426F1D09A93B007CCFEF /* GCDWebServers.framework in Frameworks */,
				6CA741FB1D09A8A9007CCFEF /* CocoaUPnP.framework in Frameworks */,
				6CA7426D1D09A93B007CCFEF /* AFNetworking.framework in Frameworks */,
			);
			runOnlyForDeploymentPostprocessing = 0;
		};
/* End PBXFrameworksBuildPhase section */

/* Begin PBXGroup section */
		6C3EE7C41D06EE1400506613 /* Events */ = {
			isa = PBXGroup;
			children = (
				6C3EE7C51D06EE1400506613 /* UPPEventServer.h */,
				6C3EE7C61D06EE1400506613 /* UPPEventServer.m */,
				6C3EE7C71D06EE1400506613 /* UPPEventSubscription.h */,
				6C3EE7C81D06EE1400506613 /* UPPEventSubscription.m */,
				6C3EE7C91D06EE1400506613 /* UPPEventSubscriptionManager.h */,
				6C3EE7CA1D06EE1400506613 /* UPPEventSubscriptionManager.m */,
			);
			path = Events;
			sourceTree = "<group>";
		};
		6C3EE7CB1D06EE1400506613 /* Helpers */ = {
			isa = PBXGroup;
			children = (
				6C3EE7CC1D06EE1400506613 /* NSArray+firstObjectMatchingPredicate.h */,
				6C3EE7CD1D06EE1400506613 /* NSArray+firstObjectMatchingPredicate.m */,
				6C3EE7CE1D06EE1400506613 /* NSMutableString+xmlNode.h */,
				6C3EE7CF1D06EE1400506613 /* NSMutableString+xmlNode.m */,
				6C3EE7D01D06EE1400506613 /* UPPMetadataHelper.h */,
				6C3EE7D11D06EE1400506613 /* UPPMetadataHelper.m */,
			);
			path = Helpers;
			sourceTree = "<group>";
		};
		6C3EE7D21D06EE1400506613 /* Models */ = {
			isa = PBXGroup;
			children = (
				6C3EE7D31D06EE1400506613 /* UPPBasicDevice.h */,
				6C3EE7D41D06EE1400506613 /* UPPBasicDevice.m */,
				6C3EE7D51D06EE1400506613 /* UPPConstants.h */,
				6C3EE7D61D06EE1400506613 /* UPPConstants.m */,
				6C3EE7D71D06EE1400506613 /* UPPDeviceIcon.h */,
				6C3EE7D81D06EE1400506613 /* UPPDeviceIcon.m */,
				6C3EE7D91D06EE1400506613 /* UPPError.h */,
				6C3EE7DA1D06EE1400506613 /* UPPError.m */,
				6C3EE7DB1D06EE1400506613 /* UPPMediaItem.h */,
				6C3EE7DC1D06EE1400506613 /* UPPMediaItem.m */,
				6C3EE7DD1D06EE1400506613 /* UPPMediaItemResource.h */,
				6C3EE7DE1D06EE1400506613 /* UPPMediaItemResource.m */,
				6C3EE7DF1D06EE1400506613 /* UPPMediaRendererDevice.h */,
				6C3EE7E01D06EE1400506613 /* UPPMediaRendererDevice.m */,
				6C3EE7E11D06EE1400506613 /* UPPMediaServerDevice.h */,
				6C3EE7E21D06EE1400506613 /* UPPMediaServerDevice.m */,
				6C3EE7E31D06EE1400506613 /* UPPParameters.h */,
				6C3EE7E41D06EE1400506613 /* UPPParameters.m */,
				6C3EE7E51D06EE1400506613 /* UPPServiceDescription.h */,
				6C3EE7E61D06EE1400506613 /* UPPServiceDescription.m */,
			);
			path = Models;
			sourceTree = "<group>";
		};
		6C3EE7E71D06EE1400506613 /* Networking */ = {
			isa = PBXGroup;
			children = (
				6C3EE7E81D06EE1400506613 /* SSDP */,
				6C3EE7ED1D06EE1400506613 /* UPPDiscovery.h */,
				6C3EE7EE1D06EE1400506613 /* UPPDiscovery.m */,
				6C3EE7EF1D06EE1400506613 /* UPPRequestSerializer.h */,
				6C3EE7F01D06EE1400506613 /* UPPRequestSerializer.m */,
				6C3EE7F11D06EE1400506613 /* UPPResponseSerializer.h */,
				6C3EE7F21D06EE1400506613 /* UPPResponseSerializer.m */,
				6C3EE7F31D06EE1400506613 /* UPPSessionManager.h */,
				6C3EE7F41D06EE1400506613 /* UPPSessionManager.m */,
			);
			path = Networking;
			sourceTree = "<group>";
		};
		6C3EE7E81D06EE1400506613 /* SSDP */ = {
			isa = PBXGroup;
			children = (
				6C3EE7E91D06EE1400506613 /* SSDPService.h */,
				6C3EE7EA1D06EE1400506613 /* SSDPService.m */,
				6C3EE7EB1D06EE1400506613 /* SSDPServiceBrowser.h */,
				6C3EE7EC1D06EE1400506613 /* SSDPServiceBrowser.m */,
			);
			path = SSDP;
			sourceTree = "<group>";
		};
		6C3EE7F51D06EE1400506613 /* Parsers */ = {
			isa = PBXGroup;
			children = (
				6C3EE7F61D06EE1400506613 /* UPPBaseParser.h */,
				6C3EE7F71D06EE1400506613 /* UPPBaseParser.m */,
				6C3EE7F81D06EE1400506613 /* UPPDeviceParser.h */,
				6C3EE7F91D06EE1400506613 /* UPPDeviceParser.m */,
				6C3EE7FA1D06EE1400506613 /* UPPErrorParser.h */,
				6C3EE7FB1D06EE1400506613 /* UPPErrorParser.m */,
				6C3EE7FC1D06EE1400506613 /* UPPLastChangeParser.h */,
				6C3EE7FD1D06EE1400506613 /* UPPLastChangeParser.m */,
				6C3EE7FE1D06EE1400506613 /* UPPMediaItemParser.h */,
				6C3EE7FF1D06EE1400506613 /* UPPMediaItemParser.m */,
				6C3EE8001D06EE1400506613 /* UPPResponseParser.h */,
				6C3EE8011D06EE1400506613 /* UPPResponseParser.m */,
			);
			path = Parsers;
			sourceTree = "<group>";
		};
		6C3EE8021D06EE1400506613 /* Protocols */ = {
			isa = PBXGroup;
			children = (
				6C3EE8031D06EE1400506613 /* UPPMediaItemProtocol.h */,
			);
			path = Protocols;
			sourceTree = "<group>";
		};
		6C3EE8041D06EE1400506613 /* Services */ = {
			isa = PBXGroup;
			children = (
				6C3EE8051D06EE1400506613 /* UPPAVTransportService.h */,
				6C3EE8061D06EE1400506613 /* UPPAVTransportService.m */,
				6C3EE8071D06EE1400506613 /* UPPBasicService.h */,
				6C3EE8081D06EE1400506613 /* UPPBasicService.m */,
				6C3EE8091D06EE1400506613 /* UPPConnectionManagerService.h */,
				6C3EE80A1D06EE1400506613 /* UPPConnectionManagerService.m */,
				6C3EE80B1D06EE1400506613 /* UPPContentDirectoryService.h */,
				6C3EE80C1D06EE1400506613 /* UPPContentDirectoryService.m */,
				6C3EE80D1D06EE1400506613 /* UPPRenderingControlService.h */,
				6C3EE80E1D06EE1400506613 /* UPPRenderingControlService.m */,
			);
			path = Services;
			sourceTree = "<group>";
		};
		6CA6C7681D06ED8700BA8CF1 = {
			isa = PBXGroup;
			children = (
				6C3EE8521D06EE8100506613 /* Cartfile */,
				6CA6C7741D06ED8800BA8CF1 /* CocoaUPnP */,
				6C3E41191D0ADD29002119F5 /* CocoaUPnP.podspec */,
				6CA741F71D09A8A9007CCFEF /* CocoaUPnPTests */,
				6CA741EF1D09A6AF007CCFEF /* Frameworks */,
				6CA6C7771D06ED8800BA8CF1 /* Info.plist */,
				6CA741F01D09A76B007CCFEF /* module.modulemap */,
				6CA741F11D09A76B007CCFEF /* module.private.modulemap */,
				6CA6C7731D06ED8700BA8CF1 /* Products */,
			);
			sourceTree = "<group>";
		};
		6CA6C7731D06ED8700BA8CF1 /* Products */ = {
			isa = PBXGroup;
			children = (
				6CA6C7721D06ED8700BA8CF1 /* CocoaUPnP.framework */,
				6CA741F61D09A8A9007CCFEF /* CocoaUPnPTests.xctest */,
			);
			name = Products;
			sourceTree = "<group>";
		};
		6CA6C7741D06ED8800BA8CF1 /* CocoaUPnP */ = {
			isa = PBXGroup;
			children = (
				6C3EE7C41D06EE1400506613 /* Events */,
				6C3EE7CB1D06EE1400506613 /* Helpers */,
				6C3EE7D21D06EE1400506613 /* Models */,
				6C3EE7E71D06EE1400506613 /* Networking */,
				6C3EE7F51D06EE1400506613 /* Parsers */,
				6C3EE8021D06EE1400506613 /* Protocols */,
				6C3EE8041D06EE1400506613 /* Services */,
				6CA6C7751D06ED8800BA8CF1 /* CocoaUPnP.h */,
			);
			path = CocoaUPnP;
			sourceTree = "<group>";
		};
		6CA741EF1D09A6AF007CCFEF /* Frameworks */ = {
			isa = PBXGroup;
			children = (
				6C3E41211D0AE7B3002119F5 /* Specta.framework */,
				6C3E411B1D0AE656002119F5 /* Expecta.framework */,
				6C3E411C1D0AE656002119F5 /* OCMock.framework */,
				6C3E411D1D0AE656002119F5 /* OHHTTPStubs.framework */,
				6C3EE8681D06F9F400506613 /* AFNetworking.framework */,
				6C3EE8691D06F9F400506613 /* CocoaAsyncSocket.framework */,
				6C3EE86A1D06F9F400506613 /* GCDWebServers.framework */,
				6C3EE86B1D06F9F400506613 /* Ono.framework */,
			);
			name = Frameworks;
			sourceTree = "<group>";
		};
		6CA741F71D09A8A9007CCFEF /* CocoaUPnPTests */ = {
			isa = PBXGroup;
			children = (
				6CA742011D09A8DD007CCFEF /* Events */,
				6CA742051D09A8DD007CCFEF /* ExampleXML */,
				6CA742121D09A8DD007CCFEF /* Helpers */,
				6CA742161D09A8DD007CCFEF /* Models */,
				6CA742211D09A8DD007CCFEF /* Networking */,
				6CA7422B1D09A8DD007CCFEF /* Parsers */,
				6CA742311D09A8DD007CCFEF /* Protocols */,
				6CA742331D09A8DD007CCFEF /* Services */,
				6CA742381D09A8DD007CCFEF /* Test Helpers */,
				6CA741FA1D09A8A9007CCFEF /* Info.plist */,
			);
			path = CocoaUPnPTests;
			sourceTree = "<group>";
		};
		6CA742011D09A8DD007CCFEF /* Events */ = {
			isa = PBXGroup;
			children = (
				6CA742021D09A8DD007CCFEF /* UPPEventServerSpec.m */,
				6CA742031D09A8DD007CCFEF /* UPPEventSubscriptionManagerSpec.m */,
				6CA742041D09A8DD007CCFEF /* UPPEventSubscriptionSpec.m */,
			);
			path = Events;
			sourceTree = "<group>";
		};
		6CA742051D09A8DD007CCFEF /* ExampleXML */ = {
			isa = PBXGroup;
			children = (
				6CA742061D09A8DD007CCFEF /* Containers.xml */,
				6CA742071D09A8DD007CCFEF /* Device.xml */,
				6CA742081D09A8DD007CCFEF /* Empty.xml */,
				6CA742091D09A8DD007CCFEF /* Error.xml */,
				6CA7420A1D09A8DD007CCFEF /* FullMetadata.xml */,
				6CA7420B1D09A8DD007CCFEF /* GetConnectionID.xml */,
				6CA7420C1D09A8DD007CCFEF /* GetPositionInfoResponse.xml */,
				6CA7420D1D09A8DD007CCFEF /* Items.xml */,
				6CA7420E1D09A8DD007CCFEF /* LastChangeFull.xml */,
				6CA7420F1D09A8DD007CCFEF /* MediaServer.xml */,
				6CA742101D09A8DD007CCFEF /* Requests */,
			);
			path = ExampleXML;
			sourceTree = "<group>";
		};
		6CA742101D09A8DD007CCFEF /* Requests */ = {
			isa = PBXGroup;
			children = (
				6CA742111D09A8DD007CCFEF /* PlayRequest.xml */,
			);
			path = Requests;
			sourceTree = "<group>";
		};
		6CA742121D09A8DD007CCFEF /* Helpers */ = {
			isa = PBXGroup;
			children = (
				6CA742131D09A8DD007CCFEF /* EXPMatchers+beWithinAMillisecondOf.h */,
				6CA742141D09A8DD007CCFEF /* EXPMatchers+beWithinAMillisecondOf.m */,
				6CA742151D09A8DD007CCFEF /* UPPMetadataHelperSpec.m */,
			);
			path = Helpers;
			sourceTree = "<group>";
		};
		6CA742161D09A8DD007CCFEF /* Models */ = {
			isa = PBXGroup;
			children = (
				6CA742171D09A8DD007CCFEF /* UPPBasicDeviceSpec.m */,
				6CA742181D09A8DD007CCFEF /* UPPBasicServiceSpec.m */,
				6CA742191D09A8DD007CCFEF /* UPPDeviceIconSpec.m */,
				6CA7421A1D09A8DD007CCFEF /* UPPErrorSpec.m */,
				6CA7421B1D09A8DD007CCFEF /* UPPMediaItemResourceSpec.m */,
				6CA7421C1D09A8DD007CCFEF /* UPPMediaItemSpec.m */,
				6CA7421D1D09A8DD007CCFEF /* UPPMediaRendererDeviceSpec.m */,
				6CA7421E1D09A8DD007CCFEF /* UPPMediaServerDeviceSpec.m */,
				6CA7421F1D09A8DD007CCFEF /* UPPParametersSpec.m */,
				6CA742201D09A8DD007CCFEF /* UPPServiceSpec.m */,
			);
			path = Models;
			sourceTree = "<group>";
		};
		6CA742211D09A8DD007CCFEF /* Networking */ = {
			isa = PBXGroup;
			children = (
				6CA742221D09A8DD007CCFEF /* SSDP */,
				6CA742271D09A8DD007CCFEF /* UPPDiscoverySpec.m */,
				6CA742281D09A8DD007CCFEF /* UPPRequestSerializerSpec.m */,
				6CA742291D09A8DD007CCFEF /* UPPResponseSerializerSpec.m */,
				6CA7422A1D09A8DD007CCFEF /* UPPSessionManagerSpec.m */,
			);
			path = Networking;
			sourceTree = "<group>";
		};
		6CA742221D09A8DD007CCFEF /* SSDP */ = {
			isa = PBXGroup;
			children = (
				6CA742231D09A8DD007CCFEF /* SSDPDelegateTestHelper.h */,
				6CA742241D09A8DD007CCFEF /* SSDPDelegateTestHelper.m */,
				6CA742251D09A8DD007CCFEF /* SSDPServiceBrowserDelegateSpec.m */,
				6CA742261D09A8DD007CCFEF /* SSDPServiceBrowserSpec.m */,
			);
			path = SSDP;
			sourceTree = "<group>";
		};
		6CA7422B1D09A8DD007CCFEF /* Parsers */ = {
			isa = PBXGroup;
			children = (
				6CA7422C1D09A8DD007CCFEF /* UPPDeviceParserSpec.m */,
				6CA7422D1D09A8DD007CCFEF /* UPPErrorParserSpec.m */,
				6CA7422E1D09A8DD007CCFEF /* UPPLastChangeParserSpec.m */,
				6CA7422F1D09A8DD007CCFEF /* UPPMediaItemParserSpec.m */,
				6CA742301D09A8DD007CCFEF /* UPPResponseParserSpec.m */,
			);
			path = Parsers;
			sourceTree = "<group>";
		};
		6CA742311D09A8DD007CCFEF /* Protocols */ = {
			isa = PBXGroup;
			children = (
				6CA742321D09A8DD007CCFEF /* UPPMediaItemProtocolSpec.m */,
			);
			path = Protocols;
			sourceTree = "<group>";
		};
		6CA742331D09A8DD007CCFEF /* Services */ = {
			isa = PBXGroup;
			children = (
				6CA742341D09A8DD007CCFEF /* UPPAVTransportServiceSpec.m */,
				6CA742351D09A8DD007CCFEF /* UPPConnectionManagerServiceSpec.m */,
				6CA742361D09A8DD007CCFEF /* UPPContentDirectoryServiceSpec.m */,
				6CA742371D09A8DD007CCFEF /* UPPRenderingControlServiceSpec.m */,
			);
			path = Services;
			sourceTree = "<group>";
		};
		6CA742381D09A8DD007CCFEF /* Test Helpers */ = {
			isa = PBXGroup;
			children = (
				6CA742391D09A8DD007CCFEF /* MockFailSessionManager.h */,
				6CA7423A1D09A8DD007CCFEF /* MockFailSessionManager.m */,
				6CA7423B1D09A8DD007CCFEF /* NetworkTestHelpers.h */,
				6CA7423C1D09A8DD007CCFEF /* NetworkTestHelpers.m */,
				6CA7423D1D09A8DD007CCFEF /* TestHelpers.h */,
				6CA7423E1D09A8DD007CCFEF /* TestHelpers.m */,
			);
			path = "Test Helpers";
			sourceTree = "<group>";
		};
/* End PBXGroup section */

/* Begin PBXHeadersBuildPhase section */
		6CA6C76F1D06ED8700BA8CF1 /* Headers */ = {
			isa = PBXHeadersBuildPhase;
			buildActionMask = 2147483647;
			files = (
				6C3EE82F1D06EE1400506613 /* SSDPService.h in Headers */,
				6C3EE83D1D06EE1400506613 /* UPPDeviceParser.h in Headers */,
				6C3EE8371D06EE1400506613 /* UPPResponseSerializer.h in Headers */,
				6C3EE84C1D06EE1400506613 /* UPPConnectionManagerService.h in Headers */,
				6C3EE8111D06EE1400506613 /* UPPEventSubscription.h in Headers */,
				6C3EE80F1D06EE1400506613 /* UPPEventServer.h in Headers */,
				6C3EE8211D06EE1400506613 /* UPPError.h in Headers */,
				6C3EE8351D06EE1400506613 /* UPPRequestSerializer.h in Headers */,
				6C3EE81D1D06EE1400506613 /* UPPConstants.h in Headers */,
				6C3EE8391D06EE1400506613 /* UPPSessionManager.h in Headers */,
				6C3EE84E1D06EE1400506613 /* UPPContentDirectoryService.h in Headers */,
				6C3EE8131D06EE1400506613 /* UPPEventSubscriptionManager.h in Headers */,
				6C3EE8471D06EE1400506613 /* UPPMediaItemProtocol.h in Headers */,
				6C3EE8151D06EE1400506613 /* NSArray+firstObjectMatchingPredicate.h in Headers */,
				6C3EE83B1D06EE1400506613 /* UPPBaseParser.h in Headers */,
				6C3EE8271D06EE1400506613 /* UPPMediaRendererDevice.h in Headers */,
				6CA6C7761D06ED8800BA8CF1 /* CocoaUPnP.h in Headers */,
				6C3EE84A1D06EE1400506613 /* UPPBasicService.h in Headers */,
				6C3EE8311D06EE1400506613 /* SSDPServiceBrowser.h in Headers */,
				6C3EE8451D06EE1400506613 /* UPPResponseParser.h in Headers */,
				6C3EE81B1D06EE1400506613 /* UPPBasicDevice.h in Headers */,
				6C3EE8231D06EE1400506613 /* UPPMediaItem.h in Headers */,
				6C3EE8501D06EE1400506613 /* UPPRenderingControlService.h in Headers */,
				6C3EE8291D06EE1400506613 /* UPPMediaServerDevice.h in Headers */,
				6C3EE81F1D06EE1400506613 /* UPPDeviceIcon.h in Headers */,
				6C3EE8171D06EE1400506613 /* NSMutableString+xmlNode.h in Headers */,
				6C3EE8251D06EE1400506613 /* UPPMediaItemResource.h in Headers */,
				6C3EE82D1D06EE1400506613 /* UPPServiceDescription.h in Headers */,
				6C3EE8331D06EE1400506613 /* UPPDiscovery.h in Headers */,
				6C3EE8431D06EE1400506613 /* UPPMediaItemParser.h in Headers */,
				6C3EE8481D06EE1400506613 /* UPPAVTransportService.h in Headers */,
				6C3EE82B1D06EE1400506613 /* UPPParameters.h in Headers */,
				6C3EE83F1D06EE1400506613 /* UPPErrorParser.h in Headers */,
				6C3EE8191D06EE1400506613 /* UPPMetadataHelper.h in Headers */,
				6C3EE8411D06EE1400506613 /* UPPLastChangeParser.h in Headers */,
			);
			runOnlyForDeploymentPostprocessing = 0;
		};
/* End PBXHeadersBuildPhase section */

/* Begin PBXNativeTarget section */
		6CA6C7711D06ED8700BA8CF1 /* CocoaUPnP */ = {
			isa = PBXNativeTarget;
			buildConfigurationList = 6CA6C77A1D06ED8800BA8CF1 /* Build configuration list for PBXNativeTarget "CocoaUPnP" */;
			buildPhases = (
				6CA6C76D1D06ED8700BA8CF1 /* Sources */,
				6CA6C76E1D06ED8700BA8CF1 /* Frameworks */,
				6CA6C76F1D06ED8700BA8CF1 /* Headers */,
				6CA6C7701D06ED8700BA8CF1 /* Resources */,
			);
			buildRules = (
			);
			dependencies = (
			);
			name = CocoaUPnP;
			productName = CocoaUPnP;
			productReference = 6CA6C7721D06ED8700BA8CF1 /* CocoaUPnP.framework */;
			productType = "com.apple.product-type.framework";
		};
		6CA741F51D09A8A9007CCFEF /* CocoaUPnPTests */ = {
			isa = PBXNativeTarget;
			buildConfigurationList = 6CA741FE1D09A8A9007CCFEF /* Build configuration list for PBXNativeTarget "CocoaUPnPTests" */;
			buildPhases = (
				6CA741F21D09A8A9007CCFEF /* Sources */,
				6CA741F31D09A8A9007CCFEF /* Frameworks */,
				6CA741F41D09A8A9007CCFEF /* Resources */,
				6C86CC361D0EC0D000D06C48 /* Carthage copy frameworks */,
			);
			buildRules = (
			);
			dependencies = (
				6CA741FD1D09A8A9007CCFEF /* PBXTargetDependency */,
			);
			name = CocoaUPnPTests;
			productName = CocoaUPnPTests;
			productReference = 6CA741F61D09A8A9007CCFEF /* CocoaUPnPTests.xctest */;
			productType = "com.apple.product-type.bundle.unit-test";
		};
/* End PBXNativeTarget section */

/* Begin PBXProject section */
		6CA6C7691D06ED8700BA8CF1 /* Project object */ = {
			isa = PBXProject;
			attributes = {
				LastUpgradeCheck = 0730;
				ORGANIZATIONNAME = ARCAM;
				TargetAttributes = {
					6CA6C7711D06ED8700BA8CF1 = {
						CreatedOnToolsVersion = 7.3.1;
					};
					6CA741F51D09A8A9007CCFEF = {
						CreatedOnToolsVersion = 7.3.1;
					};
				};
			};
			buildConfigurationList = 6CA6C76C1D06ED8700BA8CF1 /* Build configuration list for PBXProject "CocoaUPnP" */;
			compatibilityVersion = "Xcode 3.2";
			developmentRegion = English;
			hasScannedForEncodings = 0;
			knownRegions = (
				en,
			);
			mainGroup = 6CA6C7681D06ED8700BA8CF1;
			productRefGroup = 6CA6C7731D06ED8700BA8CF1 /* Products */;
			projectDirPath = "";
			projectRoot = "";
			targets = (
				6CA6C7711D06ED8700BA8CF1 /* CocoaUPnP */,
				6CA741F51D09A8A9007CCFEF /* CocoaUPnPTests */,
			);
		};
/* End PBXProject section */

/* Begin PBXResourcesBuildPhase section */
		6CA6C7701D06ED8700BA8CF1 /* Resources */ = {
			isa = PBXResourcesBuildPhase;
			buildActionMask = 2147483647;
			files = (
				6C3E411A1D0ADD29002119F5 /* CocoaUPnP.podspec in Resources */,
			);
			runOnlyForDeploymentPostprocessing = 0;
		};
		6CA741F41D09A8A9007CCFEF /* Resources */ = {
			isa = PBXResourcesBuildPhase;
			buildActionMask = 2147483647;
			files = (
				6CA742441D09A8DD007CCFEF /* Empty.xml in Resources */,
				6CA742471D09A8DD007CCFEF /* GetConnectionID.xml in Resources */,
				6CA742491D09A8DD007CCFEF /* Items.xml in Resources */,
				6CA742461D09A8DD007CCFEF /* FullMetadata.xml in Resources */,
				6CA742421D09A8DD007CCFEF /* Containers.xml in Resources */,
				6CA7424C1D09A8DD007CCFEF /* PlayRequest.xml in Resources */,
				6CA742451D09A8DD007CCFEF /* Error.xml in Resources */,
				6CA742431D09A8DD007CCFEF /* Device.xml in Resources */,
				6CA7424B1D09A8DD007CCFEF /* MediaServer.xml in Resources */,
				6CA742481D09A8DD007CCFEF /* GetPositionInfoResponse.xml in Resources */,
				6CA7424A1D09A8DD007CCFEF /* LastChangeFull.xml in Resources */,
			);
			runOnlyForDeploymentPostprocessing = 0;
		};
/* End PBXResourcesBuildPhase section */

/* Begin PBXShellScriptBuildPhase section */
		6C86CC361D0EC0D000D06C48 /* Carthage copy frameworks */ = {
			isa = PBXShellScriptBuildPhase;
			buildActionMask = 2147483647;
			files = (
			);
			inputPaths = (
				"$(SRCROOT)/Carthage/Build/iOS/Specta.framework",
				"$(SRCROOT)/Carthage/Build/iOS/Expecta.framework",
				"$(SRCROOT)/Carthage/Build/iOS/OCMock.framework",
				"$(SRCROOT)/Carthage/Build/iOS/OHHTTPStubs.framework",
				"$(SRCROOT)/Carthage/Build/iOS/AFNetworking.framework",
				"$(SRCROOT)/Carthage/Build/iOS/CocoaAsyncSocket.framework",
				"$(SRCROOT)/Carthage/Build/iOS/GCDWebServers.framework",
				"$(SRCROOT)/Carthage/Build/iOS/Ono.framework",
			);
			name = "Carthage copy frameworks";
			outputPaths = (
			);
			runOnlyForDeploymentPostprocessing = 0;
			shellPath = /bin/sh;
			shellScript = "carthage copy-frameworks";
		};
/* End PBXShellScriptBuildPhase section */

/* Begin PBXSourcesBuildPhase section */
		6CA6C76D1D06ED8700BA8CF1 /* Sources */ = {
			isa = PBXSourcesBuildPhase;
			buildActionMask = 2147483647;
			files = (
				6C3EE8491D06EE1400506613 /* UPPAVTransportService.m in Sources */,
				6C3EE8181D06EE1400506613 /* NSMutableString+xmlNode.m in Sources */,
				6C3EE8141D06EE1400506613 /* UPPEventSubscriptionManager.m in Sources */,
				6C3EE8221D06EE1400506613 /* UPPError.m in Sources */,
				6C3EE81A1D06EE1400506613 /* UPPMetadataHelper.m in Sources */,
				6C3EE8401D06EE1400506613 /* UPPErrorParser.m in Sources */,
				6C3EE83C1D06EE1400506613 /* UPPBaseParser.m in Sources */,
				6C3EE81E1D06EE1400506613 /* UPPConstants.m in Sources */,
				6C3EE8261D06EE1400506613 /* UPPMediaItemResource.m in Sources */,
				6C3EE83A1D06EE1400506613 /* UPPSessionManager.m in Sources */,
				6C3EE84B1D06EE1400506613 /* UPPBasicService.m in Sources */,
				6C3EE8341D06EE1400506613 /* UPPDiscovery.m in Sources */,
				6C3EE8301D06EE1400506613 /* SSDPService.m in Sources */,
				6C3EE84F1D06EE1400506613 /* UPPContentDirectoryService.m in Sources */,
				6C3EE8461D06EE1400506613 /* UPPResponseParser.m in Sources */,
				6C3EE8201D06EE1400506613 /* UPPDeviceIcon.m in Sources */,
				6C3EE8361D06EE1400506613 /* UPPRequestSerializer.m in Sources */,
				6C3EE8281D06EE1400506613 /* UPPMediaRendererDevice.m in Sources */,
				6C3EE82C1D06EE1400506613 /* UPPParameters.m in Sources */,
				6C3EE8101D06EE1400506613 /* UPPEventServer.m in Sources */,
				6C3EE8121D06EE1400506613 /* UPPEventSubscription.m in Sources */,
				6C3EE8511D06EE1400506613 /* UPPRenderingControlService.m in Sources */,
				6C3EE8321D06EE1400506613 /* SSDPServiceBrowser.m in Sources */,
				6C3EE8421D06EE1400506613 /* UPPLastChangeParser.m in Sources */,
				6C3EE81C1D06EE1400506613 /* UPPBasicDevice.m in Sources */,
				6C3EE8441D06EE1400506613 /* UPPMediaItemParser.m in Sources */,
				6C3EE82E1D06EE1400506613 /* UPPServiceDescription.m in Sources */,
				6C3EE82A1D06EE1400506613 /* UPPMediaServerDevice.m in Sources */,
				6C3EE84D1D06EE1400506613 /* UPPConnectionManagerService.m in Sources */,
				6C3EE8161D06EE1400506613 /* NSArray+firstObjectMatchingPredicate.m in Sources */,
				6C3EE8381D06EE1400506613 /* UPPResponseSerializer.m in Sources */,
				6C3EE83E1D06EE1400506613 /* UPPDeviceParser.m in Sources */,
				6C3EE8241D06EE1400506613 /* UPPMediaItem.m in Sources */,
			);
			runOnlyForDeploymentPostprocessing = 0;
		};
		6CA741F21D09A8A9007CCFEF /* Sources */ = {
			isa = PBXSourcesBuildPhase;
			buildActionMask = 2147483647;
			files = (
				6CA7425D1D09A8DD007CCFEF /* UPPRequestSerializerSpec.m in Sources */,
				6CA7425C1D09A8DD007CCFEF /* UPPDiscoverySpec.m in Sources */,
				6CA742521D09A8DD007CCFEF /* UPPErrorSpec.m in Sources */,
				6CA742411D09A8DD007CCFEF /* UPPEventSubscriptionSpec.m in Sources */,
				6CA742681D09A8DD007CCFEF /* UPPContentDirectoryServiceSpec.m in Sources */,
				6CA7424D1D09A8DD007CCFEF /* EXPMatchers+beWithinAMillisecondOf.m in Sources */,
				6CA742621D09A8DD007CCFEF /* UPPLastChangeParserSpec.m in Sources */,
				6CA742401D09A8DD007CCFEF /* UPPEventSubscriptionManagerSpec.m in Sources */,
				6CA742611D09A8DD007CCFEF /* UPPErrorParserSpec.m in Sources */,
				6CA742531D09A8DD007CCFEF /* UPPMediaItemResourceSpec.m in Sources */,
				6CA742641D09A8DD007CCFEF /* UPPResponseParserSpec.m in Sources */,
				6CA742671D09A8DD007CCFEF /* UPPConnectionManagerServiceSpec.m in Sources */,
				6CA742651D09A8DD007CCFEF /* UPPMediaItemProtocolSpec.m in Sources */,
				6CA7426A1D09A8DD007CCFEF /* MockFailSessionManager.m in Sources */,
				6CA7424F1D09A8DD007CCFEF /* UPPBasicDeviceSpec.m in Sources */,
				6CA742541D09A8DD007CCFEF /* UPPMediaItemSpec.m in Sources */,
				6CA7424E1D09A8DD007CCFEF /* UPPMetadataHelperSpec.m in Sources */,
				6CA742591D09A8DD007CCFEF /* SSDPDelegateTestHelper.m in Sources */,
				6CA742661D09A8DD007CCFEF /* UPPAVTransportServiceSpec.m in Sources */,
				6CA742581D09A8DD007CCFEF /* UPPServiceSpec.m in Sources */,
				6CA742601D09A8DD007CCFEF /* UPPDeviceParserSpec.m in Sources */,
				6CA7425A1D09A8DD007CCFEF /* SSDPServiceBrowserDelegateSpec.m in Sources */,
				6CA7425F1D09A8DD007CCFEF /* UPPSessionManagerSpec.m in Sources */,
				6CA742691D09A8DD007CCFEF /* UPPRenderingControlServiceSpec.m in Sources */,
				6CA742561D09A8DD007CCFEF /* UPPMediaServerDeviceSpec.m in Sources */,
				6CA7425E1D09A8DD007CCFEF /* UPPResponseSerializerSpec.m in Sources */,
				6CA742501D09A8DD007CCFEF /* UPPBasicServiceSpec.m in Sources */,
				6C3E41231D0E940F002119F5 /* TestHelpers.m in Sources */,
				6CA742571D09A8DD007CCFEF /* UPPParametersSpec.m in Sources */,
				6CA7423F1D09A8DD007CCFEF /* UPPEventServerSpec.m in Sources */,
				6CA7425B1D09A8DD007CCFEF /* SSDPServiceBrowserSpec.m in Sources */,
				6CA742631D09A8DD007CCFEF /* UPPMediaItemParserSpec.m in Sources */,
				6C3E41251D0E96F2002119F5 /* NetworkTestHelpers.m in Sources */,
				6CA742551D09A8DD007CCFEF /* UPPMediaRendererDeviceSpec.m in Sources */,
				6CA742511D09A8DD007CCFEF /* UPPDeviceIconSpec.m in Sources */,
			);
			runOnlyForDeploymentPostprocessing = 0;
		};
/* End PBXSourcesBuildPhase section */

/* Begin PBXTargetDependency section */
		6CA741FD1D09A8A9007CCFEF /* PBXTargetDependency */ = {
			isa = PBXTargetDependency;
			target = 6CA6C7711D06ED8700BA8CF1 /* CocoaUPnP */;
			targetProxy = 6CA741FC1D09A8A9007CCFEF /* PBXContainerItemProxy */;
		};
/* End PBXTargetDependency section */

/* Begin XCBuildConfiguration section */
		6CA6C7781D06ED8800BA8CF1 /* Debug */ = {
			isa = XCBuildConfiguration;
			buildSettings = {
				ALWAYS_SEARCH_USER_PATHS = NO;
				CLANG_ANALYZER_NONNULL = YES;
				CLANG_CXX_LANGUAGE_STANDARD = "gnu++0x";
				CLANG_CXX_LIBRARY = "libc++";
				CLANG_ENABLE_MODULES = YES;
				CLANG_ENABLE_OBJC_ARC = YES;
				CLANG_WARN_BOOL_CONVERSION = YES;
				CLANG_WARN_CONSTANT_CONVERSION = YES;
				CLANG_WARN_DIRECT_OBJC_ISA_USAGE = YES_ERROR;
				CLANG_WARN_EMPTY_BODY = YES;
				CLANG_WARN_ENUM_CONVERSION = YES;
				CLANG_WARN_INT_CONVERSION = YES;
				CLANG_WARN_OBJC_ROOT_CLASS = YES_ERROR;
				CLANG_WARN_UNREACHABLE_CODE = YES;
				CLANG_WARN__DUPLICATE_METHOD_MATCH = YES;
				"CODE_SIGN_IDENTITY[sdk=iphoneos*]" = "iPhone Developer";
				COPY_PHASE_STRIP = NO;
				CURRENT_PROJECT_VERSION = 1;
				DEBUG_INFORMATION_FORMAT = dwarf;
				ENABLE_STRICT_OBJC_MSGSEND = YES;
				ENABLE_TESTABILITY = YES;
				GCC_C_LANGUAGE_STANDARD = gnu99;
				GCC_DYNAMIC_NO_PIC = NO;
				GCC_NO_COMMON_BLOCKS = YES;
				GCC_OPTIMIZATION_LEVEL = 0;
				GCC_PREPROCESSOR_DEFINITIONS = (
					"DEBUG=1",
					"$(inherited)",
				);
				GCC_WARN_64_TO_32_BIT_CONVERSION = YES;
				GCC_WARN_ABOUT_RETURN_TYPE = YES_ERROR;
				GCC_WARN_UNDECLARED_SELECTOR = YES;
				GCC_WARN_UNINITIALIZED_AUTOS = YES_AGGRESSIVE;
				GCC_WARN_UNUSED_FUNCTION = YES;
				GCC_WARN_UNUSED_VARIABLE = YES;
				IPHONEOS_DEPLOYMENT_TARGET = 9.3;
				MTL_ENABLE_DEBUG_INFO = YES;
				ONLY_ACTIVE_ARCH = YES;
				SDKROOT = iphoneos;
				TARGETED_DEVICE_FAMILY = "1,2";
				VERSIONING_SYSTEM = "apple-generic";
				VERSION_INFO_PREFIX = "";
			};
			name = Debug;
		};
		6CA6C7791D06ED8800BA8CF1 /* Release */ = {
			isa = XCBuildConfiguration;
			buildSettings = {
				ALWAYS_SEARCH_USER_PATHS = NO;
				CLANG_ANALYZER_NONNULL = YES;
				CLANG_CXX_LANGUAGE_STANDARD = "gnu++0x";
				CLANG_CXX_LIBRARY = "libc++";
				CLANG_ENABLE_MODULES = YES;
				CLANG_ENABLE_OBJC_ARC = YES;
				CLANG_WARN_BOOL_CONVERSION = YES;
				CLANG_WARN_CONSTANT_CONVERSION = YES;
				CLANG_WARN_DIRECT_OBJC_ISA_USAGE = YES_ERROR;
				CLANG_WARN_EMPTY_BODY = YES;
				CLANG_WARN_ENUM_CONVERSION = YES;
				CLANG_WARN_INT_CONVERSION = YES;
				CLANG_WARN_OBJC_ROOT_CLASS = YES_ERROR;
				CLANG_WARN_UNREACHABLE_CODE = YES;
				CLANG_WARN__DUPLICATE_METHOD_MATCH = YES;
				"CODE_SIGN_IDENTITY[sdk=iphoneos*]" = "iPhone Developer";
				COPY_PHASE_STRIP = NO;
				CURRENT_PROJECT_VERSION = 1;
				DEBUG_INFORMATION_FORMAT = "dwarf-with-dsym";
				ENABLE_NS_ASSERTIONS = NO;
				ENABLE_STRICT_OBJC_MSGSEND = YES;
				GCC_C_LANGUAGE_STANDARD = gnu99;
				GCC_NO_COMMON_BLOCKS = YES;
				GCC_WARN_64_TO_32_BIT_CONVERSION = YES;
				GCC_WARN_ABOUT_RETURN_TYPE = YES_ERROR;
				GCC_WARN_UNDECLARED_SELECTOR = YES;
				GCC_WARN_UNINITIALIZED_AUTOS = YES_AGGRESSIVE;
				GCC_WARN_UNUSED_FUNCTION = YES;
				GCC_WARN_UNUSED_VARIABLE = YES;
				IPHONEOS_DEPLOYMENT_TARGET = 9.3;
				MTL_ENABLE_DEBUG_INFO = NO;
				SDKROOT = iphoneos;
				TARGETED_DEVICE_FAMILY = "1,2";
				VALIDATE_PRODUCT = YES;
				VERSIONING_SYSTEM = "apple-generic";
				VERSION_INFO_PREFIX = "";
			};
			name = Release;
		};
		6CA6C77B1D06ED8800BA8CF1 /* Debug */ = {
			isa = XCBuildConfiguration;
			buildSettings = {
				DEFINES_MODULE = YES;
				DYLIB_COMPATIBILITY_VERSION = 1;
				DYLIB_CURRENT_VERSION = 1;
				DYLIB_INSTALL_NAME_BASE = "@rpath";
				FRAMEWORK_SEARCH_PATHS = (
					"$(inherited)",
					"$(PROJECT_DIR)/Carthage/Build/iOS",
				);
				INFOPLIST_FILE = "$(SRCROOT)/Info.plist";
				INSTALL_PATH = "$(LOCAL_LIBRARY_DIR)/Frameworks";
				LD_RUNPATH_SEARCH_PATHS = "$(inherited) @executable_path/Frameworks @loader_path/Frameworks";
				MODULEMAP_FILE = module.modulemap;
				MODULEMAP_PRIVATE_FILE = module.private.modulemap;
				PRODUCT_BUNDLE_IDENTIFIER = uk.com.arcam.cocoaupnp;
				PRODUCT_NAME = "$(TARGET_NAME)";
				SKIP_INSTALL = YES;
			};
			name = Debug;
		};
		6CA6C77C1D06ED8800BA8CF1 /* Release */ = {
			isa = XCBuildConfiguration;
			buildSettings = {
				DEFINES_MODULE = YES;
				DYLIB_COMPATIBILITY_VERSION = 1;
				DYLIB_CURRENT_VERSION = 1;
				DYLIB_INSTALL_NAME_BASE = "@rpath";
				FRAMEWORK_SEARCH_PATHS = (
					"$(inherited)",
					"$(PROJECT_DIR)/Carthage/Build/iOS",
				);
				INFOPLIST_FILE = "$(SRCROOT)/Info.plist";
				INSTALL_PATH = "$(LOCAL_LIBRARY_DIR)/Frameworks";
				LD_RUNPATH_SEARCH_PATHS = "$(inherited) @executable_path/Frameworks @loader_path/Frameworks";
				MODULEMAP_FILE = module.modulemap;
				MODULEMAP_PRIVATE_FILE = module.private.modulemap;
				PRODUCT_BUNDLE_IDENTIFIER = uk.com.arcam.cocoaupnp;
				PRODUCT_NAME = "$(TARGET_NAME)";
				SKIP_INSTALL = YES;
			};
			name = Release;
		};
		6CA741FF1D09A8A9007CCFEF /* Debug */ = {
			isa = XCBuildConfiguration;
			buildSettings = {
				EMBEDDED_CONTENT_CONTAINS_SWIFT = YES;
				FRAMEWORK_SEARCH_PATHS = (
					"$(inherited)",
					"$(PROJECT_DIR)/Carthage/Build/iOS",
				);
				INFOPLIST_FILE = CocoaUPnPTests/Info.plist;
				LD_RUNPATH_SEARCH_PATHS = "$(inherited) @executable_path/Frameworks @loader_path/Frameworks";
				PRODUCT_BUNDLE_IDENTIFIER = uk.com.arcam.CocoaUPnPTests;
				PRODUCT_NAME = "$(TARGET_NAME)";
			};
			name = Debug;
		};
		6CA742001D09A8A9007CCFEF /* Release */ = {
			isa = XCBuildConfiguration;
			buildSettings = {
				EMBEDDED_CONTENT_CONTAINS_SWIFT = YES;
				FRAMEWORK_SEARCH_PATHS = (
					"$(inherited)",
					"$(PROJECT_DIR)/Carthage/Build/iOS",
				);
				INFOPLIST_FILE = CocoaUPnPTests/Info.plist;
				LD_RUNPATH_SEARCH_PATHS = "$(inherited) @executable_path/Frameworks @loader_path/Frameworks";
				PRODUCT_BUNDLE_IDENTIFIER = uk.com.arcam.CocoaUPnPTests;
				PRODUCT_NAME = "$(TARGET_NAME)";
			};
			name = Release;
		};
/* End XCBuildConfiguration section */

/* Begin XCConfigurationList section */
		6CA6C76C1D06ED8700BA8CF1 /* Build configuration list for PBXProject "CocoaUPnP" */ = {
			isa = XCConfigurationList;
			buildConfigurations = (
				6CA6C7781D06ED8800BA8CF1 /* Debug */,
				6CA6C7791D06ED8800BA8CF1 /* Release */,
			);
			defaultConfigurationIsVisible = 0;
			defaultConfigurationName = Release;
		};
		6CA6C77A1D06ED8800BA8CF1 /* Build configuration list for PBXNativeTarget "CocoaUPnP" */ = {
			isa = XCConfigurationList;
			buildConfigurations = (
				6CA6C77B1D06ED8800BA8CF1 /* Debug */,
				6CA6C77C1D06ED8800BA8CF1 /* Release */,
			);
			defaultConfigurationIsVisible = 0;
			defaultConfigurationName = Release;
		};
		6CA741FE1D09A8A9007CCFEF /* Build configuration list for PBXNativeTarget "CocoaUPnPTests" */ = {
			isa = XCConfigurationList;
			buildConfigurations = (
				6CA741FF1D09A8A9007CCFEF /* Debug */,
				6CA742001D09A8A9007CCFEF /* Release */,
			);
			defaultConfigurationIsVisible = 0;
			defaultConfigurationName = Release;
		};
/* End XCConfigurationList section */
	};
	rootObject = 6CA6C7691D06ED8700BA8CF1 /* Project object */;
}
