// !$*UTF8*$!
{
	archiveVersion = 1;
	classes = {
	};
	objectVersion = 46;
	objects = {

/* Begin PBXBuildFile section */
		0E2DFDB51B021A700051717E /* FolderViewController.m in Sources */ = {isa = PBXBuildFile; fileRef = 0E2DFDB41B021A700051717E /* FolderViewController.m */; };
		0E32DB3C1B9DAF69003BC803 /* GetPositionInfoResponse.xml in Resources */ = {isa = PBXBuildFile; fileRef = 0E32DB3B1B9DAF69003BC803 /* GetPositionInfoResponse.xml */; };
		0E32DB401BA019AD003BC803 /* UPPParametersSpec.m in Sources */ = {isa = PBXBuildFile; fileRef = 0E32DB3F1BA019AD003BC803 /* UPPParametersSpec.m */; };
		0E4935731C69FFB5006EB6A8 /* UPPBasicServiceSpec.m in Sources */ = {isa = PBXBuildFile; fileRef = 0E4935711C69FF89006EB6A8 /* UPPBasicServiceSpec.m */; };
		0E50D59326862B3900666E79 /* BridgeHeader.swift in Sources */ = {isa = PBXBuildFile; fileRef = 0E50D59226862B3900666E79 /* BridgeHeader.swift */; };
		0E592A291B970602000D55B6 /* EXPMatchers+beWithinAMillisecondOf.m in Sources */ = {isa = PBXBuildFile; fileRef = 0E592A281B970602000D55B6 /* EXPMatchers+beWithinAMillisecondOf.m */; };
		0E83B3251B04D13F008FBF27 /* PlaybackManager.m in Sources */ = {isa = PBXBuildFile; fileRef = 0E83B3241B04D13F008FBF27 /* PlaybackManager.m */; };
		0E9A782E1AC944C10013DB95 /* main.m in Sources */ = {isa = PBXBuildFile; fileRef = 0E9A782D1AC944C10013DB95 /* main.m */; };
		0E9A78311AC944C10013DB95 /* AppDelegate.m in Sources */ = {isa = PBXBuildFile; fileRef = 0E9A78301AC944C10013DB95 /* AppDelegate.m */; };
		0E9A78341AC944C10013DB95 /* ViewController.m in Sources */ = {isa = PBXBuildFile; fileRef = 0E9A78331AC944C10013DB95 /* ViewController.m */; };
		0E9A78371AC944C10013DB95 /* Main.storyboard in Resources */ = {isa = PBXBuildFile; fileRef = 0E9A78351AC944C10013DB95 /* Main.storyboard */; };
		0E9A78391AC944C10013DB95 /* Images.xcassets in Resources */ = {isa = PBXBuildFile; fileRef = 0E9A78381AC944C10013DB95 /* Images.xcassets */; };
		0E9A783C1AC944C10013DB95 /* LaunchScreen.xib in Resources */ = {isa = PBXBuildFile; fileRef = 0E9A783A1AC944C10013DB95 /* LaunchScreen.xib */; };
		0EA80D8F1BD5013E00DF02F8 /* UPPTestAppDelegate.m in Sources */ = {isa = PBXBuildFile; fileRef = 0ECF4AB21AFBA9A500871EBE /* UPPTestAppDelegate.m */; };
		0EC8FE6B1B7DE7E400B58D3B /* UPPEventServerSpec.m in Sources */ = {isa = PBXBuildFile; fileRef = 0EC8FE6A1B7DE7E400B58D3B /* UPPEventServerSpec.m */; };
		0EDE986F1DE2F8F100679857 /* UPPMediaItemArtworkSpec.m in Sources */ = {isa = PBXBuildFile; fileRef = 0EDE986E1DE2F8F100679857 /* UPPMediaItemArtworkSpec.m */; };
		0EE226711B73A0EC0022119E /* UPPEventSubscriptionManagerSpec.m in Sources */ = {isa = PBXBuildFile; fileRef = 0EE2263A1B73A0EC0022119E /* UPPEventSubscriptionManagerSpec.m */; };
		0EE226721B73A0EC0022119E /* Containers.xml in Resources */ = {isa = PBXBuildFile; fileRef = 0EE2263C1B73A0EC0022119E /* Containers.xml */; };
		0EE226731B73A0EC0022119E /* Device.xml in Resources */ = {isa = PBXBuildFile; fileRef = 0EE2263D1B73A0EC0022119E /* Device.xml */; };
		0EE226741B73A0EC0022119E /* Empty.xml in Resources */ = {isa = PBXBuildFile; fileRef = 0EE2263E1B73A0EC0022119E /* Empty.xml */; };
		0EE226751B73A0EC0022119E /* Error.xml in Resources */ = {isa = PBXBuildFile; fileRef = 0EE2263F1B73A0EC0022119E /* Error.xml */; };
		0EE226761B73A0EC0022119E /* FullMetadata.xml in Resources */ = {isa = PBXBuildFile; fileRef = 0EE226401B73A0EC0022119E /* FullMetadata.xml */; };
		0EE226771B73A0EC0022119E /* GetConnectionID.xml in Resources */ = {isa = PBXBuildFile; fileRef = 0EE226411B73A0EC0022119E /* GetConnectionID.xml */; };
		0EE226781B73A0EC0022119E /* Items.xml in Resources */ = {isa = PBXBuildFile; fileRef = 0EE226421B73A0EC0022119E /* Items.xml */; };
		0EE2267A1B73A0EC0022119E /* MediaServer.xml in Resources */ = {isa = PBXBuildFile; fileRef = 0EE226441B73A0EC0022119E /* MediaServer.xml */; };
		0EE2267B1B73A0EC0022119E /* PlayRequest.xml in Resources */ = {isa = PBXBuildFile; fileRef = 0EE226461B73A0EC0022119E /* PlayRequest.xml */; };
		0EE2267C1B73A0EC0022119E /* UPPMetadataHelperSpec.m in Sources */ = {isa = PBXBuildFile; fileRef = 0EE226481B73A0EC0022119E /* UPPMetadataHelperSpec.m */; };
		0EE2267D1B73A0EC0022119E /* UPPBasicDeviceSpec.m in Sources */ = {isa = PBXBuildFile; fileRef = 0EE2264A1B73A0EC0022119E /* UPPBasicDeviceSpec.m */; };
		0EE2267E1B73A0EC0022119E /* UPPDeviceIconSpec.m in Sources */ = {isa = PBXBuildFile; fileRef = 0EE2264B1B73A0EC0022119E /* UPPDeviceIconSpec.m */; };
		0EE2267F1B73A0EC0022119E /* UPPErrorSpec.m in Sources */ = {isa = PBXBuildFile; fileRef = 0EE2264C1B73A0EC0022119E /* UPPErrorSpec.m */; };
		0EE226801B73A0EC0022119E /* UPPMediaItemResourceSpec.m in Sources */ = {isa = PBXBuildFile; fileRef = 0EE2264D1B73A0EC0022119E /* UPPMediaItemResourceSpec.m */; };
		0EE226811B73A0EC0022119E /* UPPMediaItemSpec.m in Sources */ = {isa = PBXBuildFile; fileRef = 0EE2264E1B73A0EC0022119E /* UPPMediaItemSpec.m */; };
		0EE226821B73A0EC0022119E /* UPPMediaRendererDeviceSpec.m in Sources */ = {isa = PBXBuildFile; fileRef = 0EE2264F1B73A0EC0022119E /* UPPMediaRendererDeviceSpec.m */; };
		0EE226831B73A0EC0022119E /* UPPMediaServerDeviceSpec.m in Sources */ = {isa = PBXBuildFile; fileRef = 0EE226501B73A0EC0022119E /* UPPMediaServerDeviceSpec.m */; };
		0EE226841B73A0EC0022119E /* UPPServiceSpec.m in Sources */ = {isa = PBXBuildFile; fileRef = 0EE226511B73A0EC0022119E /* UPPServiceSpec.m */; };
		0EE226851B73A0EC0022119E /* SSDPDelegateTestHelper.m in Sources */ = {isa = PBXBuildFile; fileRef = 0EE226551B73A0EC0022119E /* SSDPDelegateTestHelper.m */; };
		0EE226861B73A0EC0022119E /* SSDPServiceBrowserDelegateSpec.m in Sources */ = {isa = PBXBuildFile; fileRef = 0EE226561B73A0EC0022119E /* SSDPServiceBrowserDelegateSpec.m */; };
		0EE226871B73A0EC0022119E /* SSDPServiceBrowserSpec.m in Sources */ = {isa = PBXBuildFile; fileRef = 0EE226571B73A0EC0022119E /* SSDPServiceBrowserSpec.m */; };
		0EE226881B73A0EC0022119E /* UPPDiscoverySpec.m in Sources */ = {isa = PBXBuildFile; fileRef = 0EE226581B73A0EC0022119E /* UPPDiscoverySpec.m */; };
		0EE226891B73A0EC0022119E /* UPPRequestSerializerSpec.m in Sources */ = {isa = PBXBuildFile; fileRef = 0EE226591B73A0EC0022119E /* UPPRequestSerializerSpec.m */; };
		0EE2268A1B73A0EC0022119E /* UPPResponseSerializerSpec.m in Sources */ = {isa = PBXBuildFile; fileRef = 0EE2265A1B73A0EC0022119E /* UPPResponseSerializerSpec.m */; };
		0EE2268B1B73A0EC0022119E /* UPPSessionManagerSpec.m in Sources */ = {isa = PBXBuildFile; fileRef = 0EE2265B1B73A0EC0022119E /* UPPSessionManagerSpec.m */; };
		0EE2268C1B73A0EC0022119E /* UPPDeviceParserSpec.m in Sources */ = {isa = PBXBuildFile; fileRef = 0EE2265D1B73A0EC0022119E /* UPPDeviceParserSpec.m */; };
		0EE2268D1B73A0EC0022119E /* UPPErrorParserSpec.m in Sources */ = {isa = PBXBuildFile; fileRef = 0EE2265E1B73A0EC0022119E /* UPPErrorParserSpec.m */; };
		0EE2268E1B73A0EC0022119E /* UPPLastChangeParserSpec.m in Sources */ = {isa = PBXBuildFile; fileRef = 0EE2265F1B73A0EC0022119E /* UPPLastChangeParserSpec.m */; };
		0EE2268F1B73A0EC0022119E /* UPPMediaItemParserSpec.m in Sources */ = {isa = PBXBuildFile; fileRef = 0EE226601B73A0EC0022119E /* UPPMediaItemParserSpec.m */; };
		0EE226901B73A0EC0022119E /* UPPResponseParserSpec.m in Sources */ = {isa = PBXBuildFile; fileRef = 0EE226611B73A0EC0022119E /* UPPResponseParserSpec.m */; };
		0EE226911B73A0EC0022119E /* UPPMediaItemProtocolSpec.m in Sources */ = {isa = PBXBuildFile; fileRef = 0EE226631B73A0EC0022119E /* UPPMediaItemProtocolSpec.m */; };
		0EE226921B73A0EC0022119E /* UPPAVTransportServiceSpec.m in Sources */ = {isa = PBXBuildFile; fileRef = 0EE226651B73A0EC0022119E /* UPPAVTransportServiceSpec.m */; };
		0EE226931B73A0EC0022119E /* UPPConnectionManagerServiceSpec.m in Sources */ = {isa = PBXBuildFile; fileRef = 0EE226661B73A0EC0022119E /* UPPConnectionManagerServiceSpec.m */; };
		0EE226941B73A0EC0022119E /* UPPContentDirectoryServiceSpec.m in Sources */ = {isa = PBXBuildFile; fileRef = 0EE226671B73A0EC0022119E /* UPPContentDirectoryServiceSpec.m */; };
		0EE226951B73A0EC0022119E /* UPPRenderingControlServiceSpec.m in Sources */ = {isa = PBXBuildFile; fileRef = 0EE226681B73A0EC0022119E /* UPPRenderingControlServiceSpec.m */; };
		0EE226961B73A0EC0022119E /* MockFailSessionManager.m in Sources */ = {isa = PBXBuildFile; fileRef = 0EE2266B1B73A0EC0022119E /* MockFailSessionManager.m */; };
		0EE226971B73A0EC0022119E /* NetworkTestHelpers.m in Sources */ = {isa = PBXBuildFile; fileRef = 0EE2266D1B73A0EC0022119E /* NetworkTestHelpers.m */; };
		0EE226981B73A0EC0022119E /* TestHelpers.m in Sources */ = {isa = PBXBuildFile; fileRef = 0EE2266F1B73A0EC0022119E /* TestHelpers.m */; };
		0EF0E3131B8B1777007CE522 /* LastChangeFull.xml in Resources */ = {isa = PBXBuildFile; fileRef = 0EF0E3121B8B1777007CE522 /* LastChangeFull.xml */; };
		0EFA0F451B78D5B900D58445 /* UPPEventSubscriptionSpec.m in Sources */ = {isa = PBXBuildFile; fileRef = 0EFA0F441B78D5B900D58445 /* UPPEventSubscriptionSpec.m */; };
		26BCBB2EF251D7417C9F3C75 /* libPods-ExampleTests.a in Frameworks */ = {isa = PBXBuildFile; fileRef = E82AC732261551C37F98B89B /* libPods-ExampleTests.a */; };
		CD15F7E39666659399B3F853 /* libPods-Example.a in Frameworks */ = {isa = PBXBuildFile; fileRef = 2A6C9835334E33C9B9525EBC /* libPods-Example.a */; };
/* End PBXBuildFile section */

/* Begin PBXContainerItemProxy section */
		0E9A78421AC944C20013DB95 /* PBXContainerItemProxy */ = {
			isa = PBXContainerItemProxy;
			containerPortal = 0E9A78201AC944C10013DB95 /* Project object */;
			proxyType = 1;
			remoteGlobalIDString = 0E9A78271AC944C10013DB95;
			remoteInfo = Example;
		};
/* End PBXContainerItemProxy section */

/* Begin PBXFileReference section */
		0E2DFDB31B021A6F0051717E /* FolderViewController.h */ = {isa = PBXFileReference; fileEncoding = 4; lastKnownFileType = sourcecode.c.h; path = FolderViewController.h; sourceTree = "<group>"; };
		0E2DFDB41B021A700051717E /* FolderViewController.m */ = {isa = PBXFileReference; fileEncoding = 4; lastKnownFileType = sourcecode.c.objc; path = FolderViewController.m; sourceTree = "<group>"; };
		0E32DB3B1B9DAF69003BC803 /* GetPositionInfoResponse.xml */ = {isa = PBXFileReference; fileEncoding = 4; lastKnownFileType = text.xml; path = GetPositionInfoResponse.xml; sourceTree = "<group>"; };
		0E32DB3F1BA019AD003BC803 /* UPPParametersSpec.m */ = {isa = PBXFileReference; fileEncoding = 4; lastKnownFileType = sourcecode.c.objc; path = UPPParametersSpec.m; sourceTree = "<group>"; };
		0E4935711C69FF89006EB6A8 /* UPPBasicServiceSpec.m */ = {isa = PBXFileReference; fileEncoding = 4; lastKnownFileType = sourcecode.c.objc; path = UPPBasicServiceSpec.m; sourceTree = "<group>"; };
		0E50D58F26862AEE00666E79 /* Example-Bridging-Header.h */ = {isa = PBXFileReference; lastKnownFileType = sourcecode.c.h; path = "Example-Bridging-Header.h"; sourceTree = "<group>"; };
		0E50D59226862B3900666E79 /* BridgeHeader.swift */ = {isa = PBXFileReference; lastKnownFileType = sourcecode.swift; path = BridgeHeader.swift; sourceTree = "<group>"; };
		0E592A271B970602000D55B6 /* EXPMatchers+beWithinAMillisecondOf.h */ = {isa = PBXFileReference; fileEncoding = 4; lastKnownFileType = sourcecode.c.h; path = "EXPMatchers+beWithinAMillisecondOf.h"; sourceTree = "<group>"; };
		0E592A281B970602000D55B6 /* EXPMatchers+beWithinAMillisecondOf.m */ = {isa = PBXFileReference; fileEncoding = 4; lastKnownFileType = sourcecode.c.objc; path = "EXPMatchers+beWithinAMillisecondOf.m"; sourceTree = "<group>"; };
		0E83B3231B04D13F008FBF27 /* PlaybackManager.h */ = {isa = PBXFileReference; fileEncoding = 4; lastKnownFileType = sourcecode.c.h; path = PlaybackManager.h; sourceTree = "<group>"; };
		0E83B3241B04D13F008FBF27 /* PlaybackManager.m */ = {isa = PBXFileReference; fileEncoding = 4; lastKnownFileType = sourcecode.c.objc; path = PlaybackManager.m; sourceTree = "<group>"; };
		0E9A78281AC944C10013DB95 /* Example.app */ = {isa = PBXFileReference; explicitFileType = wrapper.application; includeInIndex = 0; path = Example.app; sourceTree = BUILT_PRODUCTS_DIR; };
		0E9A782C1AC944C10013DB95 /* Info.plist */ = {isa = PBXFileReference; lastKnownFileType = text.plist.xml; path = Info.plist; sourceTree = "<group>"; };
		0E9A782D1AC944C10013DB95 /* main.m */ = {isa = PBXFileReference; lastKnownFileType = sourcecode.c.objc; path = main.m; sourceTree = "<group>"; };
		0E9A782F1AC944C10013DB95 /* AppDelegate.h */ = {isa = PBXFileReference; lastKnownFileType = sourcecode.c.h; path = AppDelegate.h; sourceTree = "<group>"; };
		0E9A78301AC944C10013DB95 /* AppDelegate.m */ = {isa = PBXFileReference; lastKnownFileType = sourcecode.c.objc; path = AppDelegate.m; sourceTree = "<group>"; };
		0E9A78321AC944C10013DB95 /* ViewController.h */ = {isa = PBXFileReference; lastKnownFileType = sourcecode.c.h; path = ViewController.h; sourceTree = "<group>"; };
		0E9A78331AC944C10013DB95 /* ViewController.m */ = {isa = PBXFileReference; lastKnownFileType = sourcecode.c.objc; path = ViewController.m; sourceTree = "<group>"; };
		0E9A78361AC944C10013DB95 /* Base */ = {isa = PBXFileReference; lastKnownFileType = file.storyboard; name = Base; path = Base.lproj/Main.storyboard; sourceTree = "<group>"; };
		0E9A78381AC944C10013DB95 /* Images.xcassets */ = {isa = PBXFileReference; lastKnownFileType = folder.assetcatalog; path = Images.xcassets; sourceTree = "<group>"; };
		0E9A783B1AC944C10013DB95 /* Base */ = {isa = PBXFileReference; lastKnownFileType = file.xib; name = Base; path = Base.lproj/LaunchScreen.xib; sourceTree = "<group>"; };
		0E9A78411AC944C20013DB95 /* ExampleTests.xctest */ = {isa = PBXFileReference; explicitFileType = wrapper.cfbundle; includeInIndex = 0; path = ExampleTests.xctest; sourceTree = BUILT_PRODUCTS_DIR; };
		0E9A78461AC944C20013DB95 /* ExampleTests-Info.plist */ = {isa = PBXFileReference; lastKnownFileType = text.plist; path = "ExampleTests-Info.plist"; sourceTree = "<group>"; };
		0EAA80EB1ACC240E0027A86A /* ExampleTests-Prefix.pch */ = {isa = PBXFileReference; lastKnownFileType = sourcecode.c.h; path = "ExampleTests-Prefix.pch"; sourceTree = "<group>"; };
		0EC8FE6A1B7DE7E400B58D3B /* UPPEventServerSpec.m */ = {isa = PBXFileReference; fileEncoding = 4; lastKnownFileType = sourcecode.c.objc; path = UPPEventServerSpec.m; sourceTree = "<group>"; };
		0ECF4AB11AFBA9A500871EBE /* UPPTestAppDelegate.h */ = {isa = PBXFileReference; fileEncoding = 4; lastKnownFileType = sourcecode.c.h; path = UPPTestAppDelegate.h; sourceTree = "<group>"; };
		0ECF4AB21AFBA9A500871EBE /* UPPTestAppDelegate.m */ = {isa = PBXFileReference; fileEncoding = 4; lastKnownFileType = sourcecode.c.objc; path = UPPTestAppDelegate.m; sourceTree = "<group>"; };
		0EDE986E1DE2F8F100679857 /* UPPMediaItemArtworkSpec.m */ = {isa = PBXFileReference; fileEncoding = 4; lastKnownFileType = sourcecode.c.objc; path = UPPMediaItemArtworkSpec.m; sourceTree = "<group>"; };
		0EE2263A1B73A0EC0022119E /* UPPEventSubscriptionManagerSpec.m */ = {isa = PBXFileReference; fileEncoding = 4; lastKnownFileType = sourcecode.c.objc; path = UPPEventSubscriptionManagerSpec.m; sourceTree = "<group>"; };
		0EE2263C1B73A0EC0022119E /* Containers.xml */ = {isa = PBXFileReference; fileEncoding = 4; lastKnownFileType = text.xml; path = Containers.xml; sourceTree = "<group>"; };
		0EE2263D1B73A0EC0022119E /* Device.xml */ = {isa = PBXFileReference; fileEncoding = 4; lastKnownFileType = text.xml; path = Device.xml; sourceTree = "<group>"; };
		0EE2263E1B73A0EC0022119E /* Empty.xml */ = {isa = PBXFileReference; fileEncoding = 4; lastKnownFileType = text.xml; path = Empty.xml; sourceTree = "<group>"; };
		0EE2263F1B73A0EC0022119E /* Error.xml */ = {isa = PBXFileReference; fileEncoding = 4; lastKnownFileType = text.xml; path = Error.xml; sourceTree = "<group>"; };
		0EE226401B73A0EC0022119E /* FullMetadata.xml */ = {isa = PBXFileReference; fileEncoding = 4; lastKnownFileType = text.xml; path = FullMetadata.xml; sourceTree = "<group>"; };
		0EE226411B73A0EC0022119E /* GetConnectionID.xml */ = {isa = PBXFileReference; fileEncoding = 4; lastKnownFileType = text.xml; path = GetConnectionID.xml; sourceTree = "<group>"; };
		0EE226421B73A0EC0022119E /* Items.xml */ = {isa = PBXFileReference; fileEncoding = 4; lastKnownFileType = text.xml; path = Items.xml; sourceTree = "<group>"; };
		0EE226441B73A0EC0022119E /* MediaServer.xml */ = {isa = PBXFileReference; fileEncoding = 4; lastKnownFileType = text.xml; path = MediaServer.xml; sourceTree = "<group>"; };
		0EE226461B73A0EC0022119E /* PlayRequest.xml */ = {isa = PBXFileReference; fileEncoding = 4; lastKnownFileType = text.xml; path = PlayRequest.xml; sourceTree = "<group>"; };
		0EE226481B73A0EC0022119E /* UPPMetadataHelperSpec.m */ = {isa = PBXFileReference; fileEncoding = 4; lastKnownFileType = sourcecode.c.objc; path = UPPMetadataHelperSpec.m; sourceTree = "<group>"; };
		0EE2264A1B73A0EC0022119E /* UPPBasicDeviceSpec.m */ = {isa = PBXFileReference; fileEncoding = 4; lastKnownFileType = sourcecode.c.objc; path = UPPBasicDeviceSpec.m; sourceTree = "<group>"; };
		0EE2264B1B73A0EC0022119E /* UPPDeviceIconSpec.m */ = {isa = PBXFileReference; fileEncoding = 4; lastKnownFileType = sourcecode.c.objc; path = UPPDeviceIconSpec.m; sourceTree = "<group>"; };
		0EE2264C1B73A0EC0022119E /* UPPErrorSpec.m */ = {isa = PBXFileReference; fileEncoding = 4; lastKnownFileType = sourcecode.c.objc; path = UPPErrorSpec.m; sourceTree = "<group>"; };
		0EE2264D1B73A0EC0022119E /* UPPMediaItemResourceSpec.m */ = {isa = PBXFileReference; fileEncoding = 4; lastKnownFileType = sourcecode.c.objc; path = UPPMediaItemResourceSpec.m; sourceTree = "<group>"; };
		0EE2264E1B73A0EC0022119E /* UPPMediaItemSpec.m */ = {isa = PBXFileReference; fileEncoding = 4; lastKnownFileType = sourcecode.c.objc; path = UPPMediaItemSpec.m; sourceTree = "<group>"; };
		0EE2264F1B73A0EC0022119E /* UPPMediaRendererDeviceSpec.m */ = {isa = PBXFileReference; fileEncoding = 4; lastKnownFileType = sourcecode.c.objc; path = UPPMediaRendererDeviceSpec.m; sourceTree = "<group>"; };
		0EE226501B73A0EC0022119E /* UPPMediaServerDeviceSpec.m */ = {isa = PBXFileReference; fileEncoding = 4; lastKnownFileType = sourcecode.c.objc; path = UPPMediaServerDeviceSpec.m; sourceTree = "<group>"; };
		0EE226511B73A0EC0022119E /* UPPServiceSpec.m */ = {isa = PBXFileReference; fileEncoding = 4; lastKnownFileType = sourcecode.c.objc; path = UPPServiceSpec.m; sourceTree = "<group>"; };
		0EE226541B73A0EC0022119E /* SSDPDelegateTestHelper.h */ = {isa = PBXFileReference; fileEncoding = 4; lastKnownFileType = sourcecode.c.h; path = SSDPDelegateTestHelper.h; sourceTree = "<group>"; };
		0EE226551B73A0EC0022119E /* SSDPDelegateTestHelper.m */ = {isa = PBXFileReference; fileEncoding = 4; lastKnownFileType = sourcecode.c.objc; path = SSDPDelegateTestHelper.m; sourceTree = "<group>"; };
		0EE226561B73A0EC0022119E /* SSDPServiceBrowserDelegateSpec.m */ = {isa = PBXFileReference; fileEncoding = 4; lastKnownFileType = sourcecode.c.objc; path = SSDPServiceBrowserDelegateSpec.m; sourceTree = "<group>"; };
		0EE226571B73A0EC0022119E /* SSDPServiceBrowserSpec.m */ = {isa = PBXFileReference; fileEncoding = 4; lastKnownFileType = sourcecode.c.objc; path = SSDPServiceBrowserSpec.m; sourceTree = "<group>"; };
		0EE226581B73A0EC0022119E /* UPPDiscoverySpec.m */ = {isa = PBXFileReference; fileEncoding = 4; lastKnownFileType = sourcecode.c.objc; path = UPPDiscoverySpec.m; sourceTree = "<group>"; };
		0EE226591B73A0EC0022119E /* UPPRequestSerializerSpec.m */ = {isa = PBXFileReference; fileEncoding = 4; lastKnownFileType = sourcecode.c.objc; path = UPPRequestSerializerSpec.m; sourceTree = "<group>"; };
		0EE2265A1B73A0EC0022119E /* UPPResponseSerializerSpec.m */ = {isa = PBXFileReference; fileEncoding = 4; lastKnownFileType = sourcecode.c.objc; path = UPPResponseSerializerSpec.m; sourceTree = "<group>"; };
		0EE2265B1B73A0EC0022119E /* UPPSessionManagerSpec.m */ = {isa = PBXFileReference; fileEncoding = 4; lastKnownFileType = sourcecode.c.objc; path = UPPSessionManagerSpec.m; sourceTree = "<group>"; };
		0EE2265D1B73A0EC0022119E /* UPPDeviceParserSpec.m */ = {isa = PBXFileReference; fileEncoding = 4; lastKnownFileType = sourcecode.c.objc; path = UPPDeviceParserSpec.m; sourceTree = "<group>"; };
		0EE2265E1B73A0EC0022119E /* UPPErrorParserSpec.m */ = {isa = PBXFileReference; fileEncoding = 4; lastKnownFileType = sourcecode.c.objc; path = UPPErrorParserSpec.m; sourceTree = "<group>"; };
		0EE2265F1B73A0EC0022119E /* UPPLastChangeParserSpec.m */ = {isa = PBXFileReference; fileEncoding = 4; lastKnownFileType = sourcecode.c.objc; path = UPPLastChangeParserSpec.m; sourceTree = "<group>"; };
		0EE226601B73A0EC0022119E /* UPPMediaItemParserSpec.m */ = {isa = PBXFileReference; fileEncoding = 4; lastKnownFileType = sourcecode.c.objc; path = UPPMediaItemParserSpec.m; sourceTree = "<group>"; };
		0EE226611B73A0EC0022119E /* UPPResponseParserSpec.m */ = {isa = PBXFileReference; fileEncoding = 4; lastKnownFileType = sourcecode.c.objc; path = UPPResponseParserSpec.m; sourceTree = "<group>"; };
		0EE226631B73A0EC0022119E /* UPPMediaItemProtocolSpec.m */ = {isa = PBXFileReference; fileEncoding = 4; lastKnownFileType = sourcecode.c.objc; path = UPPMediaItemProtocolSpec.m; sourceTree = "<group>"; };
		0EE226651B73A0EC0022119E /* UPPAVTransportServiceSpec.m */ = {isa = PBXFileReference; fileEncoding = 4; lastKnownFileType = sourcecode.c.objc; path = UPPAVTransportServiceSpec.m; sourceTree = "<group>"; };
		0EE226661B73A0EC0022119E /* UPPConnectionManagerServiceSpec.m */ = {isa = PBXFileReference; fileEncoding = 4; lastKnownFileType = sourcecode.c.objc; path = UPPConnectionManagerServiceSpec.m; sourceTree = "<group>"; };
		0EE226671B73A0EC0022119E /* UPPContentDirectoryServiceSpec.m */ = {isa = PBXFileReference; fileEncoding = 4; lastKnownFileType = sourcecode.c.objc; path = UPPContentDirectoryServiceSpec.m; sourceTree = "<group>"; };
		0EE226681B73A0EC0022119E /* UPPRenderingControlServiceSpec.m */ = {isa = PBXFileReference; fileEncoding = 4; lastKnownFileType = sourcecode.c.objc; path = UPPRenderingControlServiceSpec.m; sourceTree = "<group>"; };
		0EE2266A1B73A0EC0022119E /* MockFailSessionManager.h */ = {isa = PBXFileReference; fileEncoding = 4; lastKnownFileType = sourcecode.c.h; path = MockFailSessionManager.h; sourceTree = "<group>"; };
		0EE2266B1B73A0EC0022119E /* MockFailSessionManager.m */ = {isa = PBXFileReference; fileEncoding = 4; lastKnownFileType = sourcecode.c.objc; path = MockFailSessionManager.m; sourceTree = "<group>"; };
		0EE2266C1B73A0EC0022119E /* NetworkTestHelpers.h */ = {isa = PBXFileReference; fileEncoding = 4; lastKnownFileType = sourcecode.c.h; path = NetworkTestHelpers.h; sourceTree = "<group>"; };
		0EE2266D1B73A0EC0022119E /* NetworkTestHelpers.m */ = {isa = PBXFileReference; fileEncoding = 4; lastKnownFileType = sourcecode.c.objc; path = NetworkTestHelpers.m; sourceTree = "<group>"; };
		0EE2266E1B73A0EC0022119E /* TestHelpers.h */ = {isa = PBXFileReference; fileEncoding = 4; lastKnownFileType = sourcecode.c.h; path = TestHelpers.h; sourceTree = "<group>"; };
		0EE2266F1B73A0EC0022119E /* TestHelpers.m */ = {isa = PBXFileReference; fileEncoding = 4; lastKnownFileType = sourcecode.c.objc; path = TestHelpers.m; sourceTree = "<group>"; };
		0EF0E3121B8B1777007CE522 /* LastChangeFull.xml */ = {isa = PBXFileReference; fileEncoding = 4; lastKnownFileType = text.xml; path = LastChangeFull.xml; sourceTree = "<group>"; };
		0EFA0F441B78D5B900D58445 /* UPPEventSubscriptionSpec.m */ = {isa = PBXFileReference; fileEncoding = 4; lastKnownFileType = sourcecode.c.objc; path = UPPEventSubscriptionSpec.m; sourceTree = "<group>"; };
		2A6C9835334E33C9B9525EBC /* libPods-Example.a */ = {isa = PBXFileReference; explicitFileType = archive.ar; includeInIndex = 0; path = "libPods-Example.a"; sourceTree = BUILT_PRODUCTS_DIR; };
		9F2D8A47464C1F06BDCC52C6 /* Pods-ExampleTests.release.xcconfig */ = {isa = PBXFileReference; includeInIndex = 1; lastKnownFileType = text.xcconfig; name = "Pods-ExampleTests.release.xcconfig"; path = "Pods/Target Support Files/Pods-ExampleTests/Pods-ExampleTests.release.xcconfig"; sourceTree = "<group>"; };
		BB970C60CA71D7DA24DE11AC /* Pods-Example.debug.xcconfig */ = {isa = PBXFileReference; includeInIndex = 1; lastKnownFileType = text.xcconfig; name = "Pods-Example.debug.xcconfig"; path = "Pods/Target Support Files/Pods-Example/Pods-Example.debug.xcconfig"; sourceTree = "<group>"; };
		E227CA7A621B3C36C1295953 /* Pods-ExampleTests.debug.xcconfig */ = {isa = PBXFileReference; includeInIndex = 1; lastKnownFileType = text.xcconfig; name = "Pods-ExampleTests.debug.xcconfig"; path = "Pods/Target Support Files/Pods-ExampleTests/Pods-ExampleTests.debug.xcconfig"; sourceTree = "<group>"; };
		E61A28D32CF37D279DFC43F4 /* Pods-Example.release.xcconfig */ = {isa = PBXFileReference; includeInIndex = 1; lastKnownFileType = text.xcconfig; name = "Pods-Example.release.xcconfig"; path = "Pods/Target Support Files/Pods-Example/Pods-Example.release.xcconfig"; sourceTree = "<group>"; };
		E82AC732261551C37F98B89B /* libPods-ExampleTests.a */ = {isa = PBXFileReference; explicitFileType = archive.ar; includeInIndex = 0; path = "libPods-ExampleTests.a"; sourceTree = BUILT_PRODUCTS_DIR; };
/* End PBXFileReference section */

/* Begin PBXFrameworksBuildPhase section */
		0E9A78251AC944C10013DB95 /* Frameworks */ = {
			isa = PBXFrameworksBuildPhase;
			buildActionMask = 2147483647;
			files = (
				CD15F7E39666659399B3F853 /* libPods-Example.a in Frameworks */,
			);
			runOnlyForDeploymentPostprocessing = 0;
		};
		0E9A783E1AC944C20013DB95 /* Frameworks */ = {
			isa = PBXFrameworksBuildPhase;
			buildActionMask = 2147483647;
			files = (
				26BCBB2EF251D7417C9F3C75 /* libPods-ExampleTests.a in Frameworks */,
			);
			runOnlyForDeploymentPostprocessing = 0;
		};
/* End PBXFrameworksBuildPhase section */

/* Begin PBXGroup section */
		0E83B3221B04D12D008FBF27 /* Models */ = {
			isa = PBXGroup;
			children = (
				0E83B3231B04D13F008FBF27 /* PlaybackManager.h */,
				0E83B3241B04D13F008FBF27 /* PlaybackManager.m */,
			);
			name = Models;
			sourceTree = "<group>";
		};
		0E83D95B1AD5691B00694AA7 /* ExampleTests */ = {
			isa = PBXGroup;
			children = (
				0EE226381B73A0EC0022119E /* CocoaUPnPTests */,
				0E9A78451AC944C20013DB95 /* Supporting Files */,
				0ECF4AB11AFBA9A500871EBE /* UPPTestAppDelegate.h */,
				0ECF4AB21AFBA9A500871EBE /* UPPTestAppDelegate.m */,
			);
			name = ExampleTests;
			sourceTree = "<group>";
		};
		0E9A781F1AC944C10013DB95 = {
			isa = PBXGroup;
			children = (
				0E50D59226862B3900666E79 /* BridgeHeader.swift */,
				0E9A782A1AC944C10013DB95 /* Example */,
				0E83D95B1AD5691B00694AA7 /* ExampleTests */,
				0E9A78291AC944C10013DB95 /* Products */,
				67E7167481446F5F17FA86C0 /* Pods */,
				5C10AD3F4F09CEC25256EB62 /* Frameworks */,
				0E50D58F26862AEE00666E79 /* Example-Bridging-Header.h */,
			);
			sourceTree = "<group>";
		};
		0E9A78291AC944C10013DB95 /* Products */ = {
			isa = PBXGroup;
			children = (
				0E9A78281AC944C10013DB95 /* Example.app */,
				0E9A78411AC944C20013DB95 /* ExampleTests.xctest */,
			);
			name = Products;
			sourceTree = "<group>";
		};
		0E9A782A1AC944C10013DB95 /* Example */ = {
			isa = PBXGroup;
			children = (
				0EAA80EC1ACC30370027A86A /* App */,
				0EAA80ED1ACC30450027A86A /* Controllers */,
				0E83B3221B04D12D008FBF27 /* Models */,
				0EAA80EE1ACC305E0027A86A /* Storyboards */,
			);
			path = Example;
			sourceTree = "<group>";
		};
		0E9A782B1AC944C10013DB95 /* Supporting Files */ = {
			isa = PBXGroup;
			children = (
				0E9A782C1AC944C10013DB95 /* Info.plist */,
				0E9A782D1AC944C10013DB95 /* main.m */,
			);
			name = "Supporting Files";
			sourceTree = "<group>";
		};
		0E9A78451AC944C20013DB95 /* Supporting Files */ = {
			isa = PBXGroup;
			children = (
				0E9A78461AC944C20013DB95 /* ExampleTests-Info.plist */,
				0EAA80EB1ACC240E0027A86A /* ExampleTests-Prefix.pch */,
			);
			name = "Supporting Files";
			path = "../CocoaUPnPTests/Supporting Files";
			sourceTree = "<group>";
		};
		0EAA80EC1ACC30370027A86A /* App */ = {
			isa = PBXGroup;
			children = (
				0E9A782F1AC944C10013DB95 /* AppDelegate.h */,
				0E9A78301AC944C10013DB95 /* AppDelegate.m */,
				0E9A78381AC944C10013DB95 /* Images.xcassets */,
				0E9A782B1AC944C10013DB95 /* Supporting Files */,
			);
			name = App;
			sourceTree = "<group>";
		};
		0EAA80ED1ACC30450027A86A /* Controllers */ = {
			isa = PBXGroup;
			children = (
				0E9A78321AC944C10013DB95 /* ViewController.h */,
				0E9A78331AC944C10013DB95 /* ViewController.m */,
				0E2DFDB31B021A6F0051717E /* FolderViewController.h */,
				0E2DFDB41B021A700051717E /* FolderViewController.m */,
			);
			name = Controllers;
			sourceTree = "<group>";
		};
		0EAA80EE1ACC305E0027A86A /* Storyboards */ = {
			isa = PBXGroup;
			children = (
				0E9A78351AC944C10013DB95 /* Main.storyboard */,
				0E9A783A1AC944C10013DB95 /* LaunchScreen.xib */,
			);
			name = Storyboards;
			sourceTree = "<group>";
		};
		0EE226381B73A0EC0022119E /* CocoaUPnPTests */ = {
			isa = PBXGroup;
			children = (
				0EE226391B73A0EC0022119E /* Events */,
				0EE2263B1B73A0EC0022119E /* ExampleXML */,
				0EE226471B73A0EC0022119E /* Helpers */,
				0EE226491B73A0EC0022119E /* Models */,
				0EE226521B73A0EC0022119E /* Networking */,
				0EE2265C1B73A0EC0022119E /* Parsers */,
				0EE226621B73A0EC0022119E /* Protocols */,
				0EE226641B73A0EC0022119E /* Services */,
				0EE226691B73A0EC0022119E /* Test Helpers */,
				0EE226701B73A0EC0022119E /* Utilities */,
			);
			name = CocoaUPnPTests;
			path = ../CocoaUPnPTests;
			sourceTree = "<group>";
		};
		0EE226391B73A0EC0022119E /* Events */ = {
			isa = PBXGroup;
			children = (
				0EC8FE6A1B7DE7E400B58D3B /* UPPEventServerSpec.m */,
				0EE2263A1B73A0EC0022119E /* UPPEventSubscriptionManagerSpec.m */,
				0EFA0F441B78D5B900D58445 /* UPPEventSubscriptionSpec.m */,
			);
			path = Events;
			sourceTree = "<group>";
		};
		0EE2263B1B73A0EC0022119E /* ExampleXML */ = {
			isa = PBXGroup;
			children = (
				0EE2263C1B73A0EC0022119E /* Containers.xml */,
				0EE2263D1B73A0EC0022119E /* Device.xml */,
				0EE2263E1B73A0EC0022119E /* Empty.xml */,
				0EE2263F1B73A0EC0022119E /* Error.xml */,
				0EE226401B73A0EC0022119E /* FullMetadata.xml */,
				0EE226411B73A0EC0022119E /* GetConnectionID.xml */,
				0E32DB3B1B9DAF69003BC803 /* GetPositionInfoResponse.xml */,
				0EE226421B73A0EC0022119E /* Items.xml */,
				0EF0E3121B8B1777007CE522 /* LastChangeFull.xml */,
				0EE226441B73A0EC0022119E /* MediaServer.xml */,
				0EE226451B73A0EC0022119E /* Requests */,
			);
			path = ExampleXML;
			sourceTree = "<group>";
		};
		0EE226451B73A0EC0022119E /* Requests */ = {
			isa = PBXGroup;
			children = (
				0EE226461B73A0EC0022119E /* PlayRequest.xml */,
			);
			path = Requests;
			sourceTree = "<group>";
		};
		0EE226471B73A0EC0022119E /* Helpers */ = {
			isa = PBXGroup;
			children = (
				0E592A271B970602000D55B6 /* EXPMatchers+beWithinAMillisecondOf.h */,
				0E592A281B970602000D55B6 /* EXPMatchers+beWithinAMillisecondOf.m */,
				0EE226481B73A0EC0022119E /* UPPMetadataHelperSpec.m */,
			);
			path = Helpers;
			sourceTree = "<group>";
		};
		0EE226491B73A0EC0022119E /* Models */ = {
			isa = PBXGroup;
			children = (
				0EE2264A1B73A0EC0022119E /* UPPBasicDeviceSpec.m */,
				0E4935711C69FF89006EB6A8 /* UPPBasicServiceSpec.m */,
				0EE2264B1B73A0EC0022119E /* UPPDeviceIconSpec.m */,
				0EE2264C1B73A0EC0022119E /* UPPErrorSpec.m */,
				0EE2264D1B73A0EC0022119E /* UPPMediaItemResourceSpec.m */,
				0EE2264E1B73A0EC0022119E /* UPPMediaItemSpec.m */,
				0EE2264F1B73A0EC0022119E /* UPPMediaRendererDeviceSpec.m */,
				0EE226501B73A0EC0022119E /* UPPMediaServerDeviceSpec.m */,
				0E32DB3F1BA019AD003BC803 /* UPPParametersSpec.m */,
				0EE226511B73A0EC0022119E /* UPPServiceSpec.m */,
				0EDE986E1DE2F8F100679857 /* UPPMediaItemArtworkSpec.m */,
			);
			path = Models;
			sourceTree = "<group>";
		};
		0EE226521B73A0EC0022119E /* Networking */ = {
			isa = PBXGroup;
			children = (
				0EE226531B73A0EC0022119E /* SSDP */,
				0EE226581B73A0EC0022119E /* UPPDiscoverySpec.m */,
				0EE226591B73A0EC0022119E /* UPPRequestSerializerSpec.m */,
				0EE2265A1B73A0EC0022119E /* UPPResponseSerializerSpec.m */,
				0EE2265B1B73A0EC0022119E /* UPPSessionManagerSpec.m */,
			);
			path = Networking;
			sourceTree = "<group>";
		};
		0EE226531B73A0EC0022119E /* SSDP */ = {
			isa = PBXGroup;
			children = (
				0EE226541B73A0EC0022119E /* SSDPDelegateTestHelper.h */,
				0EE226551B73A0EC0022119E /* SSDPDelegateTestHelper.m */,
				0EE226561B73A0EC0022119E /* SSDPServiceBrowserDelegateSpec.m */,
				0EE226571B73A0EC0022119E /* SSDPServiceBrowserSpec.m */,
			);
			path = SSDP;
			sourceTree = "<group>";
		};
		0EE2265C1B73A0EC0022119E /* Parsers */ = {
			isa = PBXGroup;
			children = (
				0EE2265D1B73A0EC0022119E /* UPPDeviceParserSpec.m */,
				0EE2265E1B73A0EC0022119E /* UPPErrorParserSpec.m */,
				0EE2265F1B73A0EC0022119E /* UPPLastChangeParserSpec.m */,
				0EE226601B73A0EC0022119E /* UPPMediaItemParserSpec.m */,
				0EE226611B73A0EC0022119E /* UPPResponseParserSpec.m */,
			);
			path = Parsers;
			sourceTree = "<group>";
		};
		0EE226621B73A0EC0022119E /* Protocols */ = {
			isa = PBXGroup;
			children = (
				0EE226631B73A0EC0022119E /* UPPMediaItemProtocolSpec.m */,
			);
			path = Protocols;
			sourceTree = "<group>";
		};
		0EE226641B73A0EC0022119E /* Services */ = {
			isa = PBXGroup;
			children = (
				0EE226651B73A0EC0022119E /* UPPAVTransportServiceSpec.m */,
				0EE226661B73A0EC0022119E /* UPPConnectionManagerServiceSpec.m */,
				0EE226671B73A0EC0022119E /* UPPContentDirectoryServiceSpec.m */,
				0EE226681B73A0EC0022119E /* UPPRenderingControlServiceSpec.m */,
			);
			path = Services;
			sourceTree = "<group>";
		};
		0EE226691B73A0EC0022119E /* Test Helpers */ = {
			isa = PBXGroup;
			children = (
				0EE2266A1B73A0EC0022119E /* MockFailSessionManager.h */,
				0EE2266B1B73A0EC0022119E /* MockFailSessionManager.m */,
				0EE2266C1B73A0EC0022119E /* NetworkTestHelpers.h */,
				0EE2266D1B73A0EC0022119E /* NetworkTestHelpers.m */,
				0EE2266E1B73A0EC0022119E /* TestHelpers.h */,
				0EE2266F1B73A0EC0022119E /* TestHelpers.m */,
			);
			path = "Test Helpers";
			sourceTree = "<group>";
		};
		0EE226701B73A0EC0022119E /* Utilities */ = {
			isa = PBXGroup;
			children = (
			);
			path = Utilities;
			sourceTree = "<group>";
		};
		5C10AD3F4F09CEC25256EB62 /* Frameworks */ = {
			isa = PBXGroup;
			children = (
				2A6C9835334E33C9B9525EBC /* libPods-Example.a */,
				E82AC732261551C37F98B89B /* libPods-ExampleTests.a */,
			);
			name = Frameworks;
			sourceTree = "<group>";
		};
		67E7167481446F5F17FA86C0 /* Pods */ = {
			isa = PBXGroup;
			children = (
				BB970C60CA71D7DA24DE11AC /* Pods-Example.debug.xcconfig */,
				E61A28D32CF37D279DFC43F4 /* Pods-Example.release.xcconfig */,
				E227CA7A621B3C36C1295953 /* Pods-ExampleTests.debug.xcconfig */,
				9F2D8A47464C1F06BDCC52C6 /* Pods-ExampleTests.release.xcconfig */,
			);
			name = Pods;
			sourceTree = "<group>";
		};
/* End PBXGroup section */

/* Begin PBXNativeTarget section */
		0E9A78271AC944C10013DB95 /* Example */ = {
			isa = PBXNativeTarget;
			buildConfigurationList = 0E9A784B1AC944C20013DB95 /* Build configuration list for PBXNativeTarget "Example" */;
			buildPhases = (
				BC43934860DBF8F5A1D217FC /* [CP] Check Pods Manifest.lock */,
				0EB2B0651AFB5F8800F06466 /* Remove Stale Coverage Files */,
				0E9A78241AC944C10013DB95 /* Sources */,
				0E9A78251AC944C10013DB95 /* Frameworks */,
				0E9A78261AC944C10013DB95 /* Resources */,
			);
			buildRules = (
			);
			dependencies = (
			);
			name = Example;
			productName = Example;
			productReference = 0E9A78281AC944C10013DB95 /* Example.app */;
			productType = "com.apple.product-type.application";
		};
		0E9A78401AC944C20013DB95 /* ExampleTests */ = {
			isa = PBXNativeTarget;
			buildConfigurationList = 0E9A784E1AC944C20013DB95 /* Build configuration list for PBXNativeTarget "ExampleTests" */;
			buildPhases = (
				70CBD8B766F00758BC0B2F25 /* [CP] Check Pods Manifest.lock */,
				0EB2B0641AFB5F4900F06466 /* Remove Stale Coverage Files */,
				0E9A783D1AC944C20013DB95 /* Sources */,
				0E9A783E1AC944C20013DB95 /* Frameworks */,
				0E9A783F1AC944C20013DB95 /* Resources */,
			);
			buildRules = (
			);
			dependencies = (
				0E9A78431AC944C20013DB95 /* PBXTargetDependency */,
			);
			name = ExampleTests;
			productName = ExampleTests;
			productReference = 0E9A78411AC944C20013DB95 /* ExampleTests.xctest */;
			productType = "com.apple.product-type.bundle.unit-test";
		};
/* End PBXNativeTarget section */

/* Begin PBXProject section */
		0E9A78201AC944C10013DB95 /* Project object */ = {
			isa = PBXProject;
			attributes = {
				LastUpgradeCheck = 1250;
				ORGANIZATIONNAME = ARCAM;
				TargetAttributes = {
					0E9A78271AC944C10013DB95 = {
						CreatedOnToolsVersion = 6.2;
						LastSwiftMigration = 1250;
					};
					0E9A78401AC944C20013DB95 = {
						CreatedOnToolsVersion = 6.2;
						TestTargetID = 0E9A78271AC944C10013DB95;
					};
				};
			};
			buildConfigurationList = 0E9A78231AC944C10013DB95 /* Build configuration list for PBXProject "Example" */;
			compatibilityVersion = "Xcode 3.2";
			developmentRegion = en;
			hasScannedForEncodings = 0;
			knownRegions = (
				en,
				Base,
			);
			mainGroup = 0E9A781F1AC944C10013DB95;
			productRefGroup = 0E9A78291AC944C10013DB95 /* Products */;
			projectDirPath = "";
			projectRoot = "";
			targets = (
				0E9A78271AC944C10013DB95 /* Example */,
				0E9A78401AC944C20013DB95 /* ExampleTests */,
			);
		};
/* End PBXProject section */

/* Begin PBXResourcesBuildPhase section */
		0E9A78261AC944C10013DB95 /* Resources */ = {
			isa = PBXResourcesBuildPhase;
			buildActionMask = 2147483647;
			files = (
				0E9A78371AC944C10013DB95 /* Main.storyboard in Resources */,
				0E9A783C1AC944C10013DB95 /* LaunchScreen.xib in Resources */,
				0E9A78391AC944C10013DB95 /* Images.xcassets in Resources */,
			);
			runOnlyForDeploymentPostprocessing = 0;
		};
		0E9A783F1AC944C20013DB95 /* Resources */ = {
			isa = PBXResourcesBuildPhase;
			buildActionMask = 2147483647;
			files = (
				0EE2267A1B73A0EC0022119E /* MediaServer.xml in Resources */,
				0EF0E3131B8B1777007CE522 /* LastChangeFull.xml in Resources */,
				0EE226741B73A0EC0022119E /* Empty.xml in Resources */,
				0EE226771B73A0EC0022119E /* GetConnectionID.xml in Resources */,
				0EE226761B73A0EC0022119E /* FullMetadata.xml in Resources */,
				0EE226721B73A0EC0022119E /* Containers.xml in Resources */,
				0EE2267B1B73A0EC0022119E /* PlayRequest.xml in Resources */,
				0E32DB3C1B9DAF69003BC803 /* GetPositionInfoResponse.xml in Resources */,
				0EE226751B73A0EC0022119E /* Error.xml in Resources */,
				0EE226731B73A0EC0022119E /* Device.xml in Resources */,
				0EE226781B73A0EC0022119E /* Items.xml in Resources */,
			);
			runOnlyForDeploymentPostprocessing = 0;
		};
/* End PBXResourcesBuildPhase section */

/* Begin PBXShellScriptBuildPhase section */
		0EB2B0641AFB5F4900F06466 /* Remove Stale Coverage Files */ = {
			isa = PBXShellScriptBuildPhase;
			buildActionMask = 2147483647;
			files = (
			);
			inputPaths = (
			);
			name = "Remove Stale Coverage Files";
			outputPaths = (
			);
			runOnlyForDeploymentPostprocessing = 0;
			shellPath = /bin/sh;
			shellScript = "echo \"Cleaning Profiler Information\"\ncd \"${OBJECT_FILE_DIR_normal}/${CURRENT_ARCH}\"\n# Delete *.gcda files in the current target\nrm -f *.gcda";
		};
		0EB2B0651AFB5F8800F06466 /* Remove Stale Coverage Files */ = {
			isa = PBXShellScriptBuildPhase;
			buildActionMask = 2147483647;
			files = (
			);
			inputPaths = (
			);
			name = "Remove Stale Coverage Files";
			outputPaths = (
			);
			runOnlyForDeploymentPostprocessing = 0;
			shellPath = /bin/sh;
			shellScript = "echo \"Cleaning Profiler Information\"\ncd \"${OBJECT_FILE_DIR_normal}/${CURRENT_ARCH}\"\n# Delete *.gcda files in the current target\nrm -f *.gcda";
		};
		70CBD8B766F00758BC0B2F25 /* [CP] Check Pods Manifest.lock */ = {
			isa = PBXShellScriptBuildPhase;
			buildActionMask = 2147483647;
			files = (
			);
			inputPaths = (
				"${PODS_PODFILE_DIR_PATH}/Podfile.lock",
				"${PODS_ROOT}/Manifest.lock",
			);
			name = "[CP] Check Pods Manifest.lock";
			outputPaths = (
				"$(DERIVED_FILE_DIR)/Pods-ExampleTests-checkManifestLockResult.txt",
			);
			runOnlyForDeploymentPostprocessing = 0;
			shellPath = /bin/sh;
			shellScript = "diff \"${PODS_PODFILE_DIR_PATH}/Podfile.lock\" \"${PODS_ROOT}/Manifest.lock\" > /dev/null\nif [ $? != 0 ] ; then\n    # print error to STDERR\n    echo \"error: The sandbox is not in sync with the Podfile.lock. Run 'pod install' or update your CocoaPods installation.\" >&2\n    exit 1\nfi\n# This output is used by Xcode 'outputs' to avoid re-running this script phase.\necho \"SUCCESS\" > \"${SCRIPT_OUTPUT_FILE_0}\"\n";
			showEnvVarsInLog = 0;
		};
		BC43934860DBF8F5A1D217FC /* [CP] Check Pods Manifest.lock */ = {
			isa = PBXShellScriptBuildPhase;
			buildActionMask = 2147483647;
			files = (
			);
			inputPaths = (
				"${PODS_PODFILE_DIR_PATH}/Podfile.lock",
				"${PODS_ROOT}/Manifest.lock",
			);
			name = "[CP] Check Pods Manifest.lock";
			outputPaths = (
				"$(DERIVED_FILE_DIR)/Pods-Example-checkManifestLockResult.txt",
			);
			runOnlyForDeploymentPostprocessing = 0;
			shellPath = /bin/sh;
			shellScript = "diff \"${PODS_PODFILE_DIR_PATH}/Podfile.lock\" \"${PODS_ROOT}/Manifest.lock\" > /dev/null\nif [ $? != 0 ] ; then\n    # print error to STDERR\n    echo \"error: The sandbox is not in sync with the Podfile.lock. Run 'pod install' or update your CocoaPods installation.\" >&2\n    exit 1\nfi\n# This output is used by Xcode 'outputs' to avoid re-running this script phase.\necho \"SUCCESS\" > \"${SCRIPT_OUTPUT_FILE_0}\"\n";
			showEnvVarsInLog = 0;
		};
/* End PBXShellScriptBuildPhase section */

/* Begin PBXSourcesBuildPhase section */
		0E9A78241AC944C10013DB95 /* Sources */ = {
			isa = PBXSourcesBuildPhase;
			buildActionMask = 2147483647;
			files = (
				0E83B3251B04D13F008FBF27 /* PlaybackManager.m in Sources */,
				0E50D59326862B3900666E79 /* BridgeHeader.swift in Sources */,
				0E2DFDB51B021A700051717E /* FolderViewController.m in Sources */,
				0EA80D8F1BD5013E00DF02F8 /* UPPTestAppDelegate.m in Sources */,
				0E9A78341AC944C10013DB95 /* ViewController.m in Sources */,
				0E9A78311AC944C10013DB95 /* AppDelegate.m in Sources */,
				0E9A782E1AC944C10013DB95 /* main.m in Sources */,
			);
			runOnlyForDeploymentPostprocessing = 0;
		};
		0E9A783D1AC944C20013DB95 /* Sources */ = {
			isa = PBXSourcesBuildPhase;
			buildActionMask = 2147483647;
			files = (
				0EE2267E1B73A0EC0022119E /* UPPDeviceIconSpec.m in Sources */,
				0EE226921B73A0EC0022119E /* UPPAVTransportServiceSpec.m in Sources */,
				0EE226971B73A0EC0022119E /* NetworkTestHelpers.m in Sources */,
				0E32DB401BA019AD003BC803 /* UPPParametersSpec.m in Sources */,
				0EE226981B73A0EC0022119E /* TestHelpers.m in Sources */,
				0E4935731C69FFB5006EB6A8 /* UPPBasicServiceSpec.m in Sources */,
				0EE2268F1B73A0EC0022119E /* UPPMediaItemParserSpec.m in Sources */,
				0EE226711B73A0EC0022119E /* UPPEventSubscriptionManagerSpec.m in Sources */,
				0EE226841B73A0EC0022119E /* UPPServiceSpec.m in Sources */,
				0E592A291B970602000D55B6 /* EXPMatchers+beWithinAMillisecondOf.m in Sources */,
				0EE2267D1B73A0EC0022119E /* UPPBasicDeviceSpec.m in Sources */,
				0EE226801B73A0EC0022119E /* UPPMediaItemResourceSpec.m in Sources */,
				0EE226911B73A0EC0022119E /* UPPMediaItemProtocolSpec.m in Sources */,
				0EE226881B73A0EC0022119E /* UPPDiscoverySpec.m in Sources */,
				0EE226901B73A0EC0022119E /* UPPResponseParserSpec.m in Sources */,
				0EE226951B73A0EC0022119E /* UPPRenderingControlServiceSpec.m in Sources */,
				0EE2268D1B73A0EC0022119E /* UPPErrorParserSpec.m in Sources */,
				0EE226821B73A0EC0022119E /* UPPMediaRendererDeviceSpec.m in Sources */,
				0EE2268E1B73A0EC0022119E /* UPPLastChangeParserSpec.m in Sources */,
				0EE226811B73A0EC0022119E /* UPPMediaItemSpec.m in Sources */,
				0EE226961B73A0EC0022119E /* MockFailSessionManager.m in Sources */,
				0EE226891B73A0EC0022119E /* UPPRequestSerializerSpec.m in Sources */,
				0EE2268C1B73A0EC0022119E /* UPPDeviceParserSpec.m in Sources */,
				0EC8FE6B1B7DE7E400B58D3B /* UPPEventServerSpec.m in Sources */,
				0EE2267F1B73A0EC0022119E /* UPPErrorSpec.m in Sources */,
				0EE226851B73A0EC0022119E /* SSDPDelegateTestHelper.m in Sources */,
				0EE2268B1B73A0EC0022119E /* UPPSessionManagerSpec.m in Sources */,
				0EE2267C1B73A0EC0022119E /* UPPMetadataHelperSpec.m in Sources */,
				0EE226861B73A0EC0022119E /* SSDPServiceBrowserDelegateSpec.m in Sources */,
				0EDE986F1DE2F8F100679857 /* UPPMediaItemArtworkSpec.m in Sources */,
				0EE226831B73A0EC0022119E /* UPPMediaServerDeviceSpec.m in Sources */,
				0EE226871B73A0EC0022119E /* SSDPServiceBrowserSpec.m in Sources */,
				0EFA0F451B78D5B900D58445 /* UPPEventSubscriptionSpec.m in Sources */,
				0EE226941B73A0EC0022119E /* UPPContentDirectoryServiceSpec.m in Sources */,
				0EE226931B73A0EC0022119E /* UPPConnectionManagerServiceSpec.m in Sources */,
				0EE2268A1B73A0EC0022119E /* UPPResponseSerializerSpec.m in Sources */,
			);
			runOnlyForDeploymentPostprocessing = 0;
		};
/* End PBXSourcesBuildPhase section */

/* Begin PBXTargetDependency section */
		0E9A78431AC944C20013DB95 /* PBXTargetDependency */ = {
			isa = PBXTargetDependency;
			target = 0E9A78271AC944C10013DB95 /* Example */;
			targetProxy = 0E9A78421AC944C20013DB95 /* PBXContainerItemProxy */;
		};
/* End PBXTargetDependency section */

/* Begin PBXVariantGroup section */
		0E9A78351AC944C10013DB95 /* Main.storyboard */ = {
			isa = PBXVariantGroup;
			children = (
				0E9A78361AC944C10013DB95 /* Base */,
			);
			name = Main.storyboard;
			sourceTree = "<group>";
		};
		0E9A783A1AC944C10013DB95 /* LaunchScreen.xib */ = {
			isa = PBXVariantGroup;
			children = (
				0E9A783B1AC944C10013DB95 /* Base */,
			);
			name = LaunchScreen.xib;
			sourceTree = "<group>";
		};
/* End PBXVariantGroup section */

/* Begin XCBuildConfiguration section */
		0E9A78491AC944C20013DB95 /* Debug */ = {
			isa = XCBuildConfiguration;
			buildSettings = {
				ALWAYS_SEARCH_USER_PATHS = NO;
				CLANG_ANALYZER_LOCALIZABILITY_NONLOCALIZED = YES;
				CLANG_CXX_LANGUAGE_STANDARD = "gnu++0x";
				CLANG_CXX_LIBRARY = "libc++";
				CLANG_ENABLE_MODULES = YES;
				CLANG_ENABLE_OBJC_ARC = YES;
				CLANG_WARN_BLOCK_CAPTURE_AUTORELEASING = YES;
				CLANG_WARN_BOOL_CONVERSION = YES;
				CLANG_WARN_COMMA = YES;
				CLANG_WARN_CONSTANT_CONVERSION = YES;
				CLANG_WARN_DEPRECATED_OBJC_IMPLEMENTATIONS = YES;
				CLANG_WARN_DIRECT_OBJC_ISA_USAGE = YES_ERROR;
				CLANG_WARN_EMPTY_BODY = YES;
				CLANG_WARN_ENUM_CONVERSION = YES;
				CLANG_WARN_INFINITE_RECURSION = YES;
				CLANG_WARN_INT_CONVERSION = YES;
				CLANG_WARN_NON_LITERAL_NULL_CONVERSION = YES;
				CLANG_WARN_OBJC_IMPLICIT_RETAIN_SELF = YES;
				CLANG_WARN_OBJC_LITERAL_CONVERSION = YES;
				CLANG_WARN_OBJC_ROOT_CLASS = YES_ERROR;
				CLANG_WARN_QUOTED_INCLUDE_IN_FRAMEWORK_HEADER = YES;
				CLANG_WARN_RANGE_LOOP_ANALYSIS = YES;
				CLANG_WARN_STRICT_PROTOTYPES = YES;
				CLANG_WARN_SUSPICIOUS_MOVE = YES;
				CLANG_WARN_UNREACHABLE_CODE = YES;
				CLANG_WARN__DUPLICATE_METHOD_MATCH = YES;
				"CODE_SIGN_IDENTITY[sdk=iphoneos*]" = "iPhone Developer";
				COPY_PHASE_STRIP = NO;
				ENABLE_STRICT_OBJC_MSGSEND = YES;
				ENABLE_TESTABILITY = YES;
				FRAMEWORK_SEARCH_PATHS = "$(inherited)";
				GCC_C_LANGUAGE_STANDARD = gnu99;
				GCC_DYNAMIC_NO_PIC = NO;
				GCC_GENERATE_TEST_COVERAGE_FILES = YES;
				GCC_INSTRUMENT_PROGRAM_FLOW_ARCS = YES;
				GCC_NO_COMMON_BLOCKS = YES;
				GCC_OPTIMIZATION_LEVEL = 0;
				GCC_PREPROCESSOR_DEFINITIONS = (
					"DEBUG=1",
					"$(inherited)",
				);
				GCC_SYMBOLS_PRIVATE_EXTERN = NO;
				GCC_WARN_64_TO_32_BIT_CONVERSION = YES;
				GCC_WARN_ABOUT_RETURN_TYPE = YES_ERROR;
				GCC_WARN_UNDECLARED_SELECTOR = YES;
				GCC_WARN_UNINITIALIZED_AUTOS = YES_AGGRESSIVE;
				GCC_WARN_UNUSED_FUNCTION = YES;
				GCC_WARN_UNUSED_VARIABLE = YES;
				IPHONEOS_DEPLOYMENT_TARGET = 12.0;
				MTL_ENABLE_DEBUG_INFO = YES;
				ONLY_ACTIVE_ARCH = YES;
				SDKROOT = iphoneos;
			};
			name = Debug;
		};
		0E9A784A1AC944C20013DB95 /* Release */ = {
			isa = XCBuildConfiguration;
			buildSettings = {
				ALWAYS_SEARCH_USER_PATHS = NO;
				CLANG_ANALYZER_LOCALIZABILITY_NONLOCALIZED = YES;
				CLANG_CXX_LANGUAGE_STANDARD = "gnu++0x";
				CLANG_CXX_LIBRARY = "libc++";
				CLANG_ENABLE_MODULES = YES;
				CLANG_ENABLE_OBJC_ARC = YES;
				CLANG_WARN_BLOCK_CAPTURE_AUTORELEASING = YES;
				CLANG_WARN_BOOL_CONVERSION = YES;
				CLANG_WARN_COMMA = YES;
				CLANG_WARN_CONSTANT_CONVERSION = YES;
				CLANG_WARN_DEPRECATED_OBJC_IMPLEMENTATIONS = YES;
				CLANG_WARN_DIRECT_OBJC_ISA_USAGE = YES_ERROR;
				CLANG_WARN_EMPTY_BODY = YES;
				CLANG_WARN_ENUM_CONVERSION = YES;
				CLANG_WARN_INFINITE_RECURSION = YES;
				CLANG_WARN_INT_CONVERSION = YES;
				CLANG_WARN_NON_LITERAL_NULL_CONVERSION = YES;
				CLANG_WARN_OBJC_IMPLICIT_RETAIN_SELF = YES;
				CLANG_WARN_OBJC_LITERAL_CONVERSION = YES;
				CLANG_WARN_OBJC_ROOT_CLASS = YES_ERROR;
				CLANG_WARN_QUOTED_INCLUDE_IN_FRAMEWORK_HEADER = YES;
				CLANG_WARN_RANGE_LOOP_ANALYSIS = YES;
				CLANG_WARN_STRICT_PROTOTYPES = YES;
				CLANG_WARN_SUSPICIOUS_MOVE = YES;
				CLANG_WARN_UNREACHABLE_CODE = YES;
				CLANG_WARN__DUPLICATE_METHOD_MATCH = YES;
				"CODE_SIGN_IDENTITY[sdk=iphoneos*]" = "iPhone Developer";
				COPY_PHASE_STRIP = NO;
				ENABLE_NS_ASSERTIONS = NO;
				ENABLE_STRICT_OBJC_MSGSEND = YES;
				FRAMEWORK_SEARCH_PATHS = "$(inherited)";
				GCC_C_LANGUAGE_STANDARD = gnu99;
				GCC_GENERATE_TEST_COVERAGE_FILES = YES;
				GCC_INSTRUMENT_PROGRAM_FLOW_ARCS = YES;
				GCC_NO_COMMON_BLOCKS = YES;
				GCC_WARN_64_TO_32_BIT_CONVERSION = YES;
				GCC_WARN_ABOUT_RETURN_TYPE = YES_ERROR;
				GCC_WARN_UNDECLARED_SELECTOR = YES;
				GCC_WARN_UNINITIALIZED_AUTOS = YES_AGGRESSIVE;
				GCC_WARN_UNUSED_FUNCTION = YES;
				GCC_WARN_UNUSED_VARIABLE = YES;
				IPHONEOS_DEPLOYMENT_TARGET = 12.0;
				MTL_ENABLE_DEBUG_INFO = NO;
				SDKROOT = iphoneos;
				VALIDATE_PRODUCT = YES;
			};
			name = Release;
		};
		0E9A784C1AC944C20013DB95 /* Debug */ = {
			isa = XCBuildConfiguration;
			baseConfigurationReference = BB970C60CA71D7DA24DE11AC /* Pods-Example.debug.xcconfig */;
			buildSettings = {
				ASSETCATALOG_COMPILER_APPICON_NAME = AppIcon;
				CLANG_ENABLE_MODULES = YES;
				INFOPLIST_FILE = Example/Info.plist;
				IPHONEOS_DEPLOYMENT_TARGET = 12.0;
				LD_RUNPATH_SEARCH_PATHS = "$(inherited) @executable_path/Frameworks";
				PRODUCT_BUNDLE_IDENTIFIER = "com.arcam.$(PRODUCT_NAME:rfc1034identifier)";
				PRODUCT_NAME = "$(TARGET_NAME)";
				SWIFT_OBJC_BRIDGING_HEADER = "Example-Bridging-Header.h";
				SWIFT_OPTIMIZATION_LEVEL = "-Onone";
				SWIFT_VERSION = 5.0;
			};
			name = Debug;
		};
		0E9A784D1AC944C20013DB95 /* Release */ = {
			isa = XCBuildConfiguration;
			baseConfigurationReference = E61A28D32CF37D279DFC43F4 /* Pods-Example.release.xcconfig */;
			buildSettings = {
				ASSETCATALOG_COMPILER_APPICON_NAME = AppIcon;
				CLANG_ENABLE_MODULES = YES;
				INFOPLIST_FILE = Example/Info.plist;
				IPHONEOS_DEPLOYMENT_TARGET = 12.0;
				LD_RUNPATH_SEARCH_PATHS = "$(inherited) @executable_path/Frameworks";
				PRODUCT_BUNDLE_IDENTIFIER = "com.arcam.$(PRODUCT_NAME:rfc1034identifier)";
				PRODUCT_NAME = "$(TARGET_NAME)";
				SWIFT_OBJC_BRIDGING_HEADER = "Example-Bridging-Header.h";
				SWIFT_VERSION = 5.0;
			};
			name = Release;
		};
		0E9A784F1AC944C20013DB95 /* Debug */ = {
			isa = XCBuildConfiguration;
			baseConfigurationReference = E227CA7A621B3C36C1295953 /* Pods-ExampleTests.debug.xcconfig */;
			buildSettings = {
				ALWAYS_EMBED_SWIFT_STANDARD_LIBRARIES = YES;
				BUNDLE_LOADER = "$(TEST_HOST)";
				FRAMEWORK_SEARCH_PATHS = "$(inherited)";
				GCC_PREFIX_HEADER = "ExampleTests-Prefix.pch";
				GCC_PREPROCESSOR_DEFINITIONS = (
					"DEBUG=1",
					"$(inherited)",
				);
				INFOPLIST_FILE = "ExampleTests-Info.plist";
				LD_RUNPATH_SEARCH_PATHS = "$(inherited) @executable_path/Frameworks @loader_path/Frameworks";
				PRODUCT_BUNDLE_IDENTIFIER = "com.arcam.$(PRODUCT_NAME:rfc1034identifier)";
				PRODUCT_NAME = "$(TARGET_NAME)";
				TEST_HOST = "$(BUILT_PRODUCTS_DIR)/Example.app/Example";
			};
			name = Debug;
		};
		0E9A78501AC944C20013DB95 /* Release */ = {
			isa = XCBuildConfiguration;
			baseConfigurationReference = 9F2D8A47464C1F06BDCC52C6 /* Pods-ExampleTests.release.xcconfig */;
			buildSettings = {
				ALWAYS_EMBED_SWIFT_STANDARD_LIBRARIES = YES;
				BUNDLE_LOADER = "$(TEST_HOST)";
				FRAMEWORK_SEARCH_PATHS = "$(inherited)";
				GCC_PREFIX_HEADER = "ExampleTests-Prefix.pch";
				INFOPLIST_FILE = "ExampleTests-Info.plist";
				LD_RUNPATH_SEARCH_PATHS = "$(inherited) @executable_path/Frameworks @loader_path/Frameworks";
				PRODUCT_BUNDLE_IDENTIFIER = "com.arcam.$(PRODUCT_NAME:rfc1034identifier)";
				PRODUCT_NAME = "$(TARGET_NAME)";
				TEST_HOST = "$(BUILT_PRODUCTS_DIR)/Example.app/Example";
			};
			name = Release;
		};
/* End XCBuildConfiguration section */

/* Begin XCConfigurationList section */
		0E9A78231AC944C10013DB95 /* Build configuration list for PBXProject "Example" */ = {
			isa = XCConfigurationList;
			buildConfigurations = (
				0E9A78491AC944C20013DB95 /* Debug */,
				0E9A784A1AC944C20013DB95 /* Release */,
			);
			defaultConfigurationIsVisible = 0;
			defaultConfigurationName = Release;
		};
		0E9A784B1AC944C20013DB95 /* Build configuration list for PBXNativeTarget "Example" */ = {
			isa = XCConfigurationList;
			buildConfigurations = (
				0E9A784C1AC944C20013DB95 /* Debug */,
				0E9A784D1AC944C20013DB95 /* Release */,
			);
			defaultConfigurationIsVisible = 0;
			defaultConfigurationName = Release;
		};
		0E9A784E1AC944C20013DB95 /* Build configuration list for PBXNativeTarget "ExampleTests" */ = {
			isa = XCConfigurationList;
			buildConfigurations = (
				0E9A784F1AC944C20013DB95 /* Debug */,
				0E9A78501AC944C20013DB95 /* Release */,
			);
			defaultConfigurationIsVisible = 0;
			defaultConfigurationName = Release;
		};
/* End XCConfigurationList section */
	};
	rootObject = 0E9A78201AC944C10013DB95 /* Project object */;
}
